// !$*UTF8*$!
{
	archiveVersion = 1;
	classes = {
	};
	objectVersion = 46;
	objects = {

/* Begin PBXBuildFile section */
		060A9E9F1B79087000C5AAD6 /* CurrentResults.h in Sources */ = {isa = PBXBuildFile; fileRef = 06FE055A1B715C3D00BCFCA3 /* CurrentResults.h */; };
		060A9EA01B79087000C5AAD6 /* CurrentResults.m in Sources */ = {isa = PBXBuildFile; fileRef = 06FE055B1B715C3E00BCFCA3 /* CurrentResults.m */; };
		060A9EA11B79087000C5AAD6 /* ContaminantResults.h in Sources */ = {isa = PBXBuildFile; fileRef = 06FE05541B715BA000BCFCA3 /* ContaminantResults.h */; };
		060A9EA21B79087000C5AAD6 /* ContaminantResults.m in Sources */ = {isa = PBXBuildFile; fileRef = 06FE05551B715BA000BCFCA3 /* ContaminantResults.m */; };
		060A9EA31B79087000C5AAD6 /* ImecaResults.h in Sources */ = {isa = PBXBuildFile; fileRef = 06FE05571B715BB800BCFCA3 /* ImecaResults.h */; };
		060A9EA41B79087000C5AAD6 /* ImecaResults.m in Sources */ = {isa = PBXBuildFile; fileRef = 06FE05581B715BB800BCFCA3 /* ImecaResults.m */; };
		060A9EA51B79087000C5AAD6 /* PredictionResults.h in Sources */ = {isa = PBXBuildFile; fileRef = 06FE055D1B715D2E00BCFCA3 /* PredictionResults.h */; };
		060A9EA61B79087000C5AAD6 /* PredictionResults.m in Sources */ = {isa = PBXBuildFile; fileRef = 06FE055E1B715D2E00BCFCA3 /* PredictionResults.m */; };
		060A9EA71B79088600C5AAD6 /* CurrentResults.h in Sources */ = {isa = PBXBuildFile; fileRef = 06FE055A1B715C3D00BCFCA3 /* CurrentResults.h */; };
		060A9EA81B79088600C5AAD6 /* CurrentResults.m in Sources */ = {isa = PBXBuildFile; fileRef = 06FE055B1B715C3E00BCFCA3 /* CurrentResults.m */; };
		060A9EA91B79088600C5AAD6 /* ContaminantResults.h in Sources */ = {isa = PBXBuildFile; fileRef = 06FE05541B715BA000BCFCA3 /* ContaminantResults.h */; };
		060A9EAA1B79088600C5AAD6 /* ContaminantResults.m in Sources */ = {isa = PBXBuildFile; fileRef = 06FE05551B715BA000BCFCA3 /* ContaminantResults.m */; };
		060A9EAB1B79088600C5AAD6 /* ImecaResults.h in Sources */ = {isa = PBXBuildFile; fileRef = 06FE05571B715BB800BCFCA3 /* ImecaResults.h */; };
		060A9EAC1B79088600C5AAD6 /* ImecaResults.m in Sources */ = {isa = PBXBuildFile; fileRef = 06FE05581B715BB800BCFCA3 /* ImecaResults.m */; };
		060A9EAD1B79088600C5AAD6 /* PredictionResults.h in Sources */ = {isa = PBXBuildFile; fileRef = 06FE055D1B715D2E00BCFCA3 /* PredictionResults.h */; };
		060A9EAE1B79088600C5AAD6 /* PredictionResults.m in Sources */ = {isa = PBXBuildFile; fileRef = 06FE055E1B715D2E00BCFCA3 /* PredictionResults.m */; };
		061D50241B8BC3E000EF36EC /* MeasurementLocation.m in Sources */ = {isa = PBXBuildFile; fileRef = 061D50231B8BC3E000EF36EC /* MeasurementLocation.m */; };
		063366861B60544000C32FF6 /* ILSpacedLabel.m in Sources */ = {isa = PBXBuildFile; fileRef = 063366851B60544000C32FF6 /* ILSpacedLabel.m */; };
		0637ECB71B83D3470091032B /* MKMapView+ZoomLevel.m in Sources */ = {isa = PBXBuildFile; fileRef = 0637ECB61B83D3470091032B /* MKMapView+ZoomLevel.m */; };
		064356B81B8D119200AFC1B8 /* MeasurementLocation.h in Sources */ = {isa = PBXBuildFile; fileRef = 061D50221B8BC3E000EF36EC /* MeasurementLocation.h */; };
		064356B91B8D119200AFC1B8 /* MeasurementLocation.m in Sources */ = {isa = PBXBuildFile; fileRef = 061D50231B8BC3E000EF36EC /* MeasurementLocation.m */; };
		064356BA1B8D119F00AFC1B8 /* MeasurementLocation.h in Sources */ = {isa = PBXBuildFile; fileRef = 061D50221B8BC3E000EF36EC /* MeasurementLocation.h */; };
		064356BB1B8D119F00AFC1B8 /* MeasurementLocation.m in Sources */ = {isa = PBXBuildFile; fileRef = 061D50231B8BC3E000EF36EC /* MeasurementLocation.m */; };
		0657530A1B5EBB2C00FF226C /* MapViewController.m in Sources */ = {isa = PBXBuildFile; fileRef = 065753091B5EBB2C00FF226C /* MapViewController.m */; };
		0657530D1B5EBB3600FF226C /* MainViewController.m in Sources */ = {isa = PBXBuildFile; fileRef = 0657530C1B5EBB3600FF226C /* MainViewController.m */; };
		065753131B5EE7B300FF226C /* MapKit.framework in Frameworks */ = {isa = PBXBuildFile; fileRef = 065753121B5EE7B300FF226C /* MapKit.framework */; };
		0690435D1B8E1F9C00A2E576 /* ILAnnotationView.m in Sources */ = {isa = PBXBuildFile; fileRef = 0690435C1B8E1F9C00A2E576 /* ILAnnotationView.m */; };
		069043601B8E257D00A2E576 /* InfoContainerViewController.m in Sources */ = {isa = PBXBuildFile; fileRef = 0690435F1B8E257D00A2E576 /* InfoContainerViewController.m */; };
		06A89EBF1B71161700FB67A4 /* ILLinearGradientView.m in Sources */ = {isa = PBXBuildFile; fileRef = 06A89EBE1B71161700FB67A4 /* ILLinearGradientView.m */; };
		06A8C6601B6FCDE600E42EE1 /* ILRadialGradientLayer.m in Sources */ = {isa = PBXBuildFile; fileRef = 06A8C65F1B6FCDE600E42EE1 /* ILRadialGradientLayer.m */; };
		06A8C6631B6FD45D00E42EE1 /* ContaminantesCollectionViewCell.m in Sources */ = {isa = PBXBuildFile; fileRef = 06A8C6621B6FD45D00E42EE1 /* ContaminantesCollectionViewCell.m */; };
		06B01CB71B7947A10094861C /* AirQualityInterfaceController.m in Sources */ = {isa = PBXBuildFile; fileRef = 06B01CB61B7947A10094861C /* AirQualityInterfaceController.m */; };
		06B01CBA1B7947C30094861C /* TempWindInterfaceController.m in Sources */ = {isa = PBXBuildFile; fileRef = 06B01CB91B7947C30094861C /* TempWindInterfaceController.m */; };
		06C5E2901B83A8540017B15A /* MainInterface.storyboard in Resources */ = {isa = PBXBuildFile; fileRef = 06C5E2921B83A8540017B15A /* MainInterface.storyboard */; };
		06C5E2971B83A9700017B15A /* PronosticoHeaderTableViewCell.xib in Resources */ = {isa = PBXBuildFile; fileRef = 06C5E2991B83A9700017B15A /* PronosticoHeaderTableViewCell.xib */; };
		06C5E29C1B83A97C0017B15A /* PronosticoTableViewCell.xib in Resources */ = {isa = PBXBuildFile; fileRef = 06C5E29E1B83A97C0017B15A /* PronosticoTableViewCell.xib */; };
		06D367AB1B542615009E9D47 /* main.m in Sources */ = {isa = PBXBuildFile; fileRef = 06D367AA1B542615009E9D47 /* main.m */; };
		06D367AE1B542615009E9D47 /* AppDelegate.m in Sources */ = {isa = PBXBuildFile; fileRef = 06D367AD1B542615009E9D47 /* AppDelegate.m */; };
		06D367B41B542615009E9D47 /* Main.storyboard in Resources */ = {isa = PBXBuildFile; fileRef = 06D367B21B542615009E9D47 /* Main.storyboard */; };
		06D367B61B542615009E9D47 /* Images.xcassets in Resources */ = {isa = PBXBuildFile; fileRef = 06D367B51B542615009E9D47 /* Images.xcassets */; };
		06D367B91B542615009E9D47 /* LaunchScreen.xib in Resources */ = {isa = PBXBuildFile; fileRef = 06D367B71B542615009E9D47 /* LaunchScreen.xib */; };
		06D367C51B542615009E9D47 /* AireNLTests.m in Sources */ = {isa = PBXBuildFile; fileRef = 06D367C41B542615009E9D47 /* AireNLTests.m */; };
		06D367D51B54564D009E9D47 /* UIColor+ILColor.m in Sources */ = {isa = PBXBuildFile; fileRef = 06D367D41B54564D009E9D47 /* UIColor+ILColor.m */; };
		06D8BA6C1B74106B007462A4 /* InterfaceController.m in Sources */ = {isa = PBXBuildFile; fileRef = 06D8BA6B1B74106B007462A4 /* InterfaceController.m */; };
		06D8BA721B74106B007462A4 /* GlanceController.m in Sources */ = {isa = PBXBuildFile; fileRef = 06D8BA711B74106B007462A4 /* GlanceController.m */; };
		06D8BA741B74106B007462A4 /* Images.xcassets in Resources */ = {isa = PBXBuildFile; fileRef = 06D8BA731B74106B007462A4 /* Images.xcassets */; };
		06D8BA781B74106B007462A4 /* AireNL WatchKit App.app in Resources */ = {isa = PBXBuildFile; fileRef = 06D8BA771B74106B007462A4 /* AireNL WatchKit App.app */; };
		06D8BA801B74106B007462A4 /* Interface.storyboard in Resources */ = {isa = PBXBuildFile; fileRef = 06D8BA7E1B74106B007462A4 /* Interface.storyboard */; };
		06D8BA821B74106B007462A4 /* Images.xcassets in Resources */ = {isa = PBXBuildFile; fileRef = 06D8BA811B74106B007462A4 /* Images.xcassets */; };
		06D8BA851B74106B007462A4 /* AireNL WatchKit Extension.appex in Embed App Extensions */ = {isa = PBXBuildFile; fileRef = 06D8BA651B74106B007462A4 /* AireNL WatchKit Extension.appex */; settings = {ATTRIBUTES = (RemoveHeadersOnCopy, ); }; };
		06E672DA1B70256F0046DD35 /* ILBlurCollectionView.m in Sources */ = {isa = PBXBuildFile; fileRef = 06E672D91B70256F0046DD35 /* ILBlurCollectionView.m */; };
		06EA061B1B8CC93100FA0B87 /* InfoTableViewController.m in Sources */ = {isa = PBXBuildFile; fileRef = 06EA061A1B8CC93100FA0B87 /* InfoTableViewController.m */; };
		06F2C4431B680D4100BDF043 /* PronosticosCollectionViewCell.m in Sources */ = {isa = PBXBuildFile; fileRef = 06F2C4411B680D4100BDF043 /* PronosticosCollectionViewCell.m */; };
		06F2C4441B680D4100BDF043 /* PronosticosCollectionViewCell.xib in Resources */ = {isa = PBXBuildFile; fileRef = 06F2C4421B680D4100BDF043 /* PronosticosCollectionViewCell.xib */; };
		06F2C44D1B680E7000BDF043 /* PronosticoTableViewCell.m in Sources */ = {isa = PBXBuildFile; fileRef = 06F2C44B1B680E7000BDF043 /* PronosticoTableViewCell.m */; };
		06F2C4521B6811D100BDF043 /* PronosticoHeaderTableViewCell.m in Sources */ = {isa = PBXBuildFile; fileRef = 06F2C4501B6811D100BDF043 /* PronosticoHeaderTableViewCell.m */; };
		06F4C9591B7BFD1000876961 /* ILRoundedView.m in Sources */ = {isa = PBXBuildFile; fileRef = 06F4C9581B7BFD1000876961 /* ILRoundedView.m */; };
		06FAE3831B72B9C200B19700 /* NotificationCenter.framework in Frameworks */ = {isa = PBXBuildFile; fileRef = 06FAE3821B72B9C200B19700 /* NotificationCenter.framework */; };
		06FAE3891B72B9C200B19700 /* TodayViewController.m in Sources */ = {isa = PBXBuildFile; fileRef = 06FAE3881B72B9C200B19700 /* TodayViewController.m */; };
		06FAE38E1B72B9C200B19700 /* AireNL Widget.appex in Embed App Extensions */ = {isa = PBXBuildFile; fileRef = 06FAE3811B72B9C200B19700 /* AireNL Widget.appex */; settings = {ATTRIBUTES = (RemoveHeadersOnCopy, ); }; };
		06FAE3941B72BFB400B19700 /* Media.xcassets in Resources */ = {isa = PBXBuildFile; fileRef = 06FAE3931B72BFB400B19700 /* Media.xcassets */; };
		06FE054A1B715A2700BCFCA3 /* ImecaCollectionViewCell.m in Sources */ = {isa = PBXBuildFile; fileRef = 06FE05491B715A2700BCFCA3 /* ImecaCollectionViewCell.m */; };
		06FE054D1B715A3A00BCFCA3 /* ActividadesCollectionViewCell.m in Sources */ = {isa = PBXBuildFile; fileRef = 06FE054C1B715A3A00BCFCA3 /* ActividadesCollectionViewCell.m */; };
		06FE05501B715A4D00BCFCA3 /* TemperaturaCollectionViewCell.m in Sources */ = {isa = PBXBuildFile; fileRef = 06FE054F1B715A4D00BCFCA3 /* TemperaturaCollectionViewCell.m */; };
		06FE05531B715A5800BCFCA3 /* VientoCollectionViewCell.m in Sources */ = {isa = PBXBuildFile; fileRef = 06FE05521B715A5800BCFCA3 /* VientoCollectionViewCell.m */; };
		06FE05561B715BA000BCFCA3 /* ContaminantResults.m in Sources */ = {isa = PBXBuildFile; fileRef = 06FE05551B715BA000BCFCA3 /* ContaminantResults.m */; };
		06FE05591B715BB800BCFCA3 /* ImecaResults.m in Sources */ = {isa = PBXBuildFile; fileRef = 06FE05581B715BB800BCFCA3 /* ImecaResults.m */; };
		06FE055C1B715C3E00BCFCA3 /* CurrentResults.m in Sources */ = {isa = PBXBuildFile; fileRef = 06FE055B1B715C3E00BCFCA3 /* CurrentResults.m */; };
		06FE055F1B715D2E00BCFCA3 /* PredictionResults.m in Sources */ = {isa = PBXBuildFile; fileRef = 06FE055E1B715D2E00BCFCA3 /* PredictionResults.m */; };
		D2F0869EC7379D94E67B90E4 /* libPods.a in Frameworks */ = {isa = PBXBuildFile; fileRef = 0AE7FB868C685FB3C0F45E35 /* libPods.a */; };
/* End PBXBuildFile section */

/* Begin PBXContainerItemProxy section */
		06D367BF1B542615009E9D47 /* PBXContainerItemProxy */ = {
			isa = PBXContainerItemProxy;
			containerPortal = 06D3679D1B542615009E9D47 /* Project object */;
			proxyType = 1;
			remoteGlobalIDString = 06D367A41B542615009E9D47;
			remoteInfo = AireNL;
		};
		06D8BA791B74106B007462A4 /* PBXContainerItemProxy */ = {
			isa = PBXContainerItemProxy;
			containerPortal = 06D3679D1B542615009E9D47 /* Project object */;
			proxyType = 1;
			remoteGlobalIDString = 06D8BA761B74106B007462A4;
			remoteInfo = "AireNL WatchKit App";
		};
		06D8BA831B74106B007462A4 /* PBXContainerItemProxy */ = {
			isa = PBXContainerItemProxy;
			containerPortal = 06D3679D1B542615009E9D47 /* Project object */;
			proxyType = 1;
			remoteGlobalIDString = 06D8BA641B74106B007462A4;
			remoteInfo = "AireNL WatchKit Extension";
		};
		06FAE38C1B72B9C200B19700 /* PBXContainerItemProxy */ = {
			isa = PBXContainerItemProxy;
			containerPortal = 06D3679D1B542615009E9D47 /* Project object */;
			proxyType = 1;
			remoteGlobalIDString = 06FAE3801B72B9C200B19700;
			remoteInfo = "AireNL Widget";
		};
/* End PBXContainerItemProxy section */

/* Begin PBXCopyFilesBuildPhase section */
		06FAE3921B72B9C200B19700 /* Embed App Extensions */ = {
			isa = PBXCopyFilesBuildPhase;
			buildActionMask = 2147483647;
			dstPath = "";
			dstSubfolderSpec = 13;
			files = (
				06D8BA851B74106B007462A4 /* AireNL WatchKit Extension.appex in Embed App Extensions */,
				06FAE38E1B72B9C200B19700 /* AireNL Widget.appex in Embed App Extensions */,
			);
			name = "Embed App Extensions";
			runOnlyForDeploymentPostprocessing = 0;
		};
/* End PBXCopyFilesBuildPhase section */

/* Begin PBXFileReference section */
		061D50221B8BC3E000EF36EC /* MeasurementLocation.h */ = {isa = PBXFileReference; fileEncoding = 4; lastKnownFileType = sourcecode.c.h; path = MeasurementLocation.h; sourceTree = "<group>"; };
		061D50231B8BC3E000EF36EC /* MeasurementLocation.m */ = {isa = PBXFileReference; fileEncoding = 4; lastKnownFileType = sourcecode.c.objc; path = MeasurementLocation.m; sourceTree = "<group>"; };
		063366841B60544000C32FF6 /* ILSpacedLabel.h */ = {isa = PBXFileReference; fileEncoding = 4; lastKnownFileType = sourcecode.c.h; path = ILSpacedLabel.h; sourceTree = "<group>"; };
		063366851B60544000C32FF6 /* ILSpacedLabel.m */ = {isa = PBXFileReference; fileEncoding = 4; lastKnownFileType = sourcecode.c.objc; path = ILSpacedLabel.m; sourceTree = "<group>"; };
		0637ECA91B83AB050091032B /* es */ = {isa = PBXFileReference; lastKnownFileType = text.plist.strings; name = es; path = es.lproj/Main.strings; sourceTree = "<group>"; };
		0637ECAA1B83AB050091032B /* es */ = {isa = PBXFileReference; lastKnownFileType = text.plist.strings; name = es; path = es.lproj/LaunchScreen.strings; sourceTree = "<group>"; };
		0637ECAB1B83AB050091032B /* es */ = {isa = PBXFileReference; lastKnownFileType = text.plist.strings; name = es; path = es.lproj/PronosticoHeaderTableViewCell.strings; sourceTree = "<group>"; };
		0637ECAC1B83AB050091032B /* es */ = {isa = PBXFileReference; lastKnownFileType = text.plist.strings; name = es; path = es.lproj/PronosticoTableViewCell.strings; sourceTree = "<group>"; };
		0637ECAD1B83AB050091032B /* es */ = {isa = PBXFileReference; lastKnownFileType = text.plist.strings; name = es; path = es.lproj/MainInterface.strings; sourceTree = "<group>"; };
		0637ECAE1B83AB050091032B /* es */ = {isa = PBXFileReference; lastKnownFileType = text.plist.strings; name = es; path = es.lproj/Interface.strings; sourceTree = "<group>"; };
		0637ECAF1B83AB0A0091032B /* es-MX */ = {isa = PBXFileReference; lastKnownFileType = text.plist.strings; name = "es-MX"; path = "es-MX.lproj/Main.strings"; sourceTree = "<group>"; };
		0637ECB01B83AB0A0091032B /* es-MX */ = {isa = PBXFileReference; lastKnownFileType = text.plist.strings; name = "es-MX"; path = "es-MX.lproj/LaunchScreen.strings"; sourceTree = "<group>"; };
		0637ECB11B83AB0A0091032B /* es-MX */ = {isa = PBXFileReference; lastKnownFileType = text.plist.strings; name = "es-MX"; path = "es-MX.lproj/PronosticoHeaderTableViewCell.strings"; sourceTree = "<group>"; };
		0637ECB21B83AB0A0091032B /* es-MX */ = {isa = PBXFileReference; lastKnownFileType = text.plist.strings; name = "es-MX"; path = "es-MX.lproj/PronosticoTableViewCell.strings"; sourceTree = "<group>"; };
		0637ECB31B83AB0A0091032B /* es-MX */ = {isa = PBXFileReference; lastKnownFileType = text.plist.strings; name = "es-MX"; path = "es-MX.lproj/MainInterface.strings"; sourceTree = "<group>"; };
		0637ECB41B83AB0A0091032B /* es-MX */ = {isa = PBXFileReference; lastKnownFileType = text.plist.strings; name = "es-MX"; path = "es-MX.lproj/Interface.strings"; sourceTree = "<group>"; };
		0637ECB51B83D3470091032B /* MKMapView+ZoomLevel.h */ = {isa = PBXFileReference; fileEncoding = 4; lastKnownFileType = sourcecode.c.h; path = "MKMapView+ZoomLevel.h"; sourceTree = "<group>"; };
		0637ECB61B83D3470091032B /* MKMapView+ZoomLevel.m */ = {isa = PBXFileReference; fileEncoding = 4; lastKnownFileType = sourcecode.c.objc; path = "MKMapView+ZoomLevel.m"; sourceTree = "<group>"; };
		065753081B5EBB2C00FF226C /* MapViewController.h */ = {isa = PBXFileReference; fileEncoding = 4; lastKnownFileType = sourcecode.c.h; path = MapViewController.h; sourceTree = "<group>"; };
		065753091B5EBB2C00FF226C /* MapViewController.m */ = {isa = PBXFileReference; fileEncoding = 4; lastKnownFileType = sourcecode.c.objc; path = MapViewController.m; sourceTree = "<group>"; };
		0657530B1B5EBB3600FF226C /* MainViewController.h */ = {isa = PBXFileReference; fileEncoding = 4; lastKnownFileType = sourcecode.c.h; path = MainViewController.h; sourceTree = "<group>"; };
		0657530C1B5EBB3600FF226C /* MainViewController.m */ = {isa = PBXFileReference; fileEncoding = 4; lastKnownFileType = sourcecode.c.objc; path = MainViewController.m; sourceTree = "<group>"; };
		065753121B5EE7B300FF226C /* MapKit.framework */ = {isa = PBXFileReference; lastKnownFileType = wrapper.framework; name = MapKit.framework; path = System/Library/Frameworks/MapKit.framework; sourceTree = SDKROOT; };
		0690435B1B8E1F9C00A2E576 /* ILAnnotationView.h */ = {isa = PBXFileReference; fileEncoding = 4; lastKnownFileType = sourcecode.c.h; path = ILAnnotationView.h; sourceTree = "<group>"; };
		0690435C1B8E1F9C00A2E576 /* ILAnnotationView.m */ = {isa = PBXFileReference; fileEncoding = 4; lastKnownFileType = sourcecode.c.objc; path = ILAnnotationView.m; sourceTree = "<group>"; };
		0690435E1B8E257D00A2E576 /* InfoContainerViewController.h */ = {isa = PBXFileReference; fileEncoding = 4; lastKnownFileType = sourcecode.c.h; path = InfoContainerViewController.h; sourceTree = "<group>"; };
		0690435F1B8E257D00A2E576 /* InfoContainerViewController.m */ = {isa = PBXFileReference; fileEncoding = 4; lastKnownFileType = sourcecode.c.objc; path = InfoContainerViewController.m; sourceTree = "<group>"; };
		06A89EBD1B71161700FB67A4 /* ILLinearGradientView.h */ = {isa = PBXFileReference; fileEncoding = 4; lastKnownFileType = sourcecode.c.h; path = ILLinearGradientView.h; sourceTree = "<group>"; };
		06A89EBE1B71161700FB67A4 /* ILLinearGradientView.m */ = {isa = PBXFileReference; fileEncoding = 4; lastKnownFileType = sourcecode.c.objc; path = ILLinearGradientView.m; sourceTree = "<group>"; };
		06A8C65E1B6FCDE600E42EE1 /* ILRadialGradientLayer.h */ = {isa = PBXFileReference; fileEncoding = 4; lastKnownFileType = sourcecode.c.h; path = ILRadialGradientLayer.h; sourceTree = "<group>"; };
		06A8C65F1B6FCDE600E42EE1 /* ILRadialGradientLayer.m */ = {isa = PBXFileReference; fileEncoding = 4; lastKnownFileType = sourcecode.c.objc; path = ILRadialGradientLayer.m; sourceTree = "<group>"; };
		06A8C6611B6FD45D00E42EE1 /* ContaminantesCollectionViewCell.h */ = {isa = PBXFileReference; fileEncoding = 4; lastKnownFileType = sourcecode.c.h; path = ContaminantesCollectionViewCell.h; sourceTree = "<group>"; };
		06A8C6621B6FD45D00E42EE1 /* ContaminantesCollectionViewCell.m */ = {isa = PBXFileReference; fileEncoding = 4; lastKnownFileType = sourcecode.c.objc; path = ContaminantesCollectionViewCell.m; sourceTree = "<group>"; };
		06B01CB51B7947A10094861C /* AirQualityInterfaceController.h */ = {isa = PBXFileReference; fileEncoding = 4; lastKnownFileType = sourcecode.c.h; path = AirQualityInterfaceController.h; sourceTree = "<group>"; };
		06B01CB61B7947A10094861C /* AirQualityInterfaceController.m */ = {isa = PBXFileReference; fileEncoding = 4; lastKnownFileType = sourcecode.c.objc; path = AirQualityInterfaceController.m; sourceTree = "<group>"; };
		06B01CB81B7947C30094861C /* TempWindInterfaceController.h */ = {isa = PBXFileReference; fileEncoding = 4; lastKnownFileType = sourcecode.c.h; path = TempWindInterfaceController.h; sourceTree = "<group>"; };
		06B01CB91B7947C30094861C /* TempWindInterfaceController.m */ = {isa = PBXFileReference; fileEncoding = 4; lastKnownFileType = sourcecode.c.objc; path = TempWindInterfaceController.m; sourceTree = "<group>"; };
		06C5E2911B83A8540017B15A /* Base */ = {isa = PBXFileReference; lastKnownFileType = file.storyboard; name = Base; path = Base.lproj/MainInterface.storyboard; sourceTree = "<group>"; };
		06C5E2981B83A9700017B15A /* Base */ = {isa = PBXFileReference; lastKnownFileType = file.xib; name = Base; path = Base.lproj/PronosticoHeaderTableViewCell.xib; sourceTree = "<group>"; };
		06C5E29D1B83A97C0017B15A /* Base */ = {isa = PBXFileReference; lastKnownFileType = file.xib; name = Base; path = Base.lproj/PronosticoTableViewCell.xib; sourceTree = "<group>"; };
		06D367A51B542615009E9D47 /* AireNL.app */ = {isa = PBXFileReference; explicitFileType = wrapper.application; includeInIndex = 0; path = AireNL.app; sourceTree = BUILT_PRODUCTS_DIR; };
		06D367A91B542615009E9D47 /* Info.plist */ = {isa = PBXFileReference; lastKnownFileType = text.plist.xml; path = Info.plist; sourceTree = "<group>"; };
		06D367AA1B542615009E9D47 /* main.m */ = {isa = PBXFileReference; lastKnownFileType = sourcecode.c.objc; path = main.m; sourceTree = "<group>"; };
		06D367AC1B542615009E9D47 /* AppDelegate.h */ = {isa = PBXFileReference; lastKnownFileType = sourcecode.c.h; path = AppDelegate.h; sourceTree = "<group>"; };
		06D367AD1B542615009E9D47 /* AppDelegate.m */ = {isa = PBXFileReference; lastKnownFileType = sourcecode.c.objc; path = AppDelegate.m; sourceTree = "<group>"; };
		06D367B31B542615009E9D47 /* Base */ = {isa = PBXFileReference; lastKnownFileType = file.storyboard; name = Base; path = Base.lproj/Main.storyboard; sourceTree = "<group>"; };
		06D367B51B542615009E9D47 /* Images.xcassets */ = {isa = PBXFileReference; lastKnownFileType = folder.assetcatalog; path = Images.xcassets; sourceTree = "<group>"; };
		06D367B81B542615009E9D47 /* Base */ = {isa = PBXFileReference; lastKnownFileType = file.xib; name = Base; path = Base.lproj/LaunchScreen.xib; sourceTree = "<group>"; };
		06D367BE1B542615009E9D47 /* AireNLTests.xctest */ = {isa = PBXFileReference; explicitFileType = wrapper.cfbundle; includeInIndex = 0; path = AireNLTests.xctest; sourceTree = BUILT_PRODUCTS_DIR; };
		06D367C31B542615009E9D47 /* Info.plist */ = {isa = PBXFileReference; lastKnownFileType = text.plist.xml; path = Info.plist; sourceTree = "<group>"; };
		06D367C41B542615009E9D47 /* AireNLTests.m */ = {isa = PBXFileReference; lastKnownFileType = sourcecode.c.objc; path = AireNLTests.m; sourceTree = "<group>"; };
		06D367D31B54564D009E9D47 /* UIColor+ILColor.h */ = {isa = PBXFileReference; fileEncoding = 4; lastKnownFileType = sourcecode.c.h; path = "UIColor+ILColor.h"; sourceTree = "<group>"; };
		06D367D41B54564D009E9D47 /* UIColor+ILColor.m */ = {isa = PBXFileReference; fileEncoding = 4; lastKnownFileType = sourcecode.c.objc; path = "UIColor+ILColor.m"; sourceTree = "<group>"; };
		06D8BA651B74106B007462A4 /* AireNL WatchKit Extension.appex */ = {isa = PBXFileReference; explicitFileType = "wrapper.app-extension"; includeInIndex = 0; path = "AireNL WatchKit Extension.appex"; sourceTree = BUILT_PRODUCTS_DIR; };
		06D8BA681B74106B007462A4 /* Info.plist */ = {isa = PBXFileReference; lastKnownFileType = text.plist.xml; path = Info.plist; sourceTree = "<group>"; };
		06D8BA691B74106B007462A4 /* PushNotificationPayload.apns */ = {isa = PBXFileReference; lastKnownFileType = text; path = PushNotificationPayload.apns; sourceTree = "<group>"; };
		06D8BA6A1B74106B007462A4 /* InterfaceController.h */ = {isa = PBXFileReference; lastKnownFileType = sourcecode.c.h; path = InterfaceController.h; sourceTree = "<group>"; };
		06D8BA6B1B74106B007462A4 /* InterfaceController.m */ = {isa = PBXFileReference; lastKnownFileType = sourcecode.c.objc; path = InterfaceController.m; sourceTree = "<group>"; };
		06D8BA701B74106B007462A4 /* GlanceController.h */ = {isa = PBXFileReference; lastKnownFileType = sourcecode.c.h; path = GlanceController.h; sourceTree = "<group>"; };
		06D8BA711B74106B007462A4 /* GlanceController.m */ = {isa = PBXFileReference; lastKnownFileType = sourcecode.c.objc; path = GlanceController.m; sourceTree = "<group>"; };
		06D8BA731B74106B007462A4 /* Images.xcassets */ = {isa = PBXFileReference; lastKnownFileType = folder.assetcatalog; path = Images.xcassets; sourceTree = "<group>"; };
		06D8BA771B74106B007462A4 /* AireNL WatchKit App.app */ = {isa = PBXFileReference; explicitFileType = wrapper.application; includeInIndex = 0; path = "AireNL WatchKit App.app"; sourceTree = BUILT_PRODUCTS_DIR; };
		06D8BA7D1B74106B007462A4 /* Info.plist */ = {isa = PBXFileReference; lastKnownFileType = text.plist.xml; path = Info.plist; sourceTree = "<group>"; };
		06D8BA7F1B74106B007462A4 /* Base */ = {isa = PBXFileReference; lastKnownFileType = file.storyboard; name = Base; path = Base.lproj/Interface.storyboard; sourceTree = "<group>"; };
		06D8BA811B74106B007462A4 /* Images.xcassets */ = {isa = PBXFileReference; lastKnownFileType = folder.assetcatalog; path = Images.xcassets; sourceTree = "<group>"; };
		06E672D81B70256F0046DD35 /* ILBlurCollectionView.h */ = {isa = PBXFileReference; fileEncoding = 4; lastKnownFileType = sourcecode.c.h; path = ILBlurCollectionView.h; sourceTree = "<group>"; };
		06E672D91B70256F0046DD35 /* ILBlurCollectionView.m */ = {isa = PBXFileReference; fileEncoding = 4; lastKnownFileType = sourcecode.c.objc; path = ILBlurCollectionView.m; sourceTree = "<group>"; };
		06EA06191B8CC93100FA0B87 /* InfoTableViewController.h */ = {isa = PBXFileReference; fileEncoding = 4; lastKnownFileType = sourcecode.c.h; path = InfoTableViewController.h; sourceTree = "<group>"; };
		06EA061A1B8CC93100FA0B87 /* InfoTableViewController.m */ = {isa = PBXFileReference; fileEncoding = 4; lastKnownFileType = sourcecode.c.objc; path = InfoTableViewController.m; sourceTree = "<group>"; };
		06F2C4401B680D4100BDF043 /* PronosticosCollectionViewCell.h */ = {isa = PBXFileReference; fileEncoding = 4; lastKnownFileType = sourcecode.c.h; path = PronosticosCollectionViewCell.h; sourceTree = "<group>"; };
		06F2C4411B680D4100BDF043 /* PronosticosCollectionViewCell.m */ = {isa = PBXFileReference; fileEncoding = 4; lastKnownFileType = sourcecode.c.objc; path = PronosticosCollectionViewCell.m; sourceTree = "<group>"; };
		06F2C4421B680D4100BDF043 /* PronosticosCollectionViewCell.xib */ = {isa = PBXFileReference; fileEncoding = 4; lastKnownFileType = file.xib; path = PronosticosCollectionViewCell.xib; sourceTree = "<group>"; };
		06F2C44A1B680E7000BDF043 /* PronosticoTableViewCell.h */ = {isa = PBXFileReference; fileEncoding = 4; lastKnownFileType = sourcecode.c.h; path = PronosticoTableViewCell.h; sourceTree = "<group>"; };
		06F2C44B1B680E7000BDF043 /* PronosticoTableViewCell.m */ = {isa = PBXFileReference; fileEncoding = 4; lastKnownFileType = sourcecode.c.objc; path = PronosticoTableViewCell.m; sourceTree = "<group>"; };
		06F2C44F1B6811D100BDF043 /* PronosticoHeaderTableViewCell.h */ = {isa = PBXFileReference; fileEncoding = 4; lastKnownFileType = sourcecode.c.h; path = PronosticoHeaderTableViewCell.h; sourceTree = "<group>"; };
		06F2C4501B6811D100BDF043 /* PronosticoHeaderTableViewCell.m */ = {isa = PBXFileReference; fileEncoding = 4; lastKnownFileType = sourcecode.c.objc; path = PronosticoHeaderTableViewCell.m; sourceTree = "<group>"; };
		06F4C9571B7BFD1000876961 /* ILRoundedView.h */ = {isa = PBXFileReference; fileEncoding = 4; lastKnownFileType = sourcecode.c.h; path = ILRoundedView.h; sourceTree = "<group>"; };
		06F4C9581B7BFD1000876961 /* ILRoundedView.m */ = {isa = PBXFileReference; fileEncoding = 4; lastKnownFileType = sourcecode.c.objc; path = ILRoundedView.m; sourceTree = "<group>"; };
		06FAE3811B72B9C200B19700 /* AireNL Widget.appex */ = {isa = PBXFileReference; explicitFileType = "wrapper.app-extension"; includeInIndex = 0; path = "AireNL Widget.appex"; sourceTree = BUILT_PRODUCTS_DIR; };
		06FAE3821B72B9C200B19700 /* NotificationCenter.framework */ = {isa = PBXFileReference; lastKnownFileType = wrapper.framework; name = NotificationCenter.framework; path = System/Library/Frameworks/NotificationCenter.framework; sourceTree = SDKROOT; };
		06FAE3861B72B9C200B19700 /* Info.plist */ = {isa = PBXFileReference; lastKnownFileType = text.plist.xml; path = Info.plist; sourceTree = "<group>"; };
		06FAE3871B72B9C200B19700 /* TodayViewController.h */ = {isa = PBXFileReference; lastKnownFileType = sourcecode.c.h; path = TodayViewController.h; sourceTree = "<group>"; };
		06FAE3881B72B9C200B19700 /* TodayViewController.m */ = {isa = PBXFileReference; lastKnownFileType = sourcecode.c.objc; path = TodayViewController.m; sourceTree = "<group>"; };
		06FAE3931B72BFB400B19700 /* Media.xcassets */ = {isa = PBXFileReference; lastKnownFileType = folder.assetcatalog; path = Media.xcassets; sourceTree = "<group>"; };
		06FE05481B715A2700BCFCA3 /* ImecaCollectionViewCell.h */ = {isa = PBXFileReference; fileEncoding = 4; lastKnownFileType = sourcecode.c.h; path = ImecaCollectionViewCell.h; sourceTree = "<group>"; };
		06FE05491B715A2700BCFCA3 /* ImecaCollectionViewCell.m */ = {isa = PBXFileReference; fileEncoding = 4; lastKnownFileType = sourcecode.c.objc; path = ImecaCollectionViewCell.m; sourceTree = "<group>"; };
		06FE054B1B715A3A00BCFCA3 /* ActividadesCollectionViewCell.h */ = {isa = PBXFileReference; fileEncoding = 4; lastKnownFileType = sourcecode.c.h; path = ActividadesCollectionViewCell.h; sourceTree = "<group>"; };
		06FE054C1B715A3A00BCFCA3 /* ActividadesCollectionViewCell.m */ = {isa = PBXFileReference; fileEncoding = 4; lastKnownFileType = sourcecode.c.objc; path = ActividadesCollectionViewCell.m; sourceTree = "<group>"; };
		06FE054E1B715A4D00BCFCA3 /* TemperaturaCollectionViewCell.h */ = {isa = PBXFileReference; fileEncoding = 4; lastKnownFileType = sourcecode.c.h; path = TemperaturaCollectionViewCell.h; sourceTree = "<group>"; };
		06FE054F1B715A4D00BCFCA3 /* TemperaturaCollectionViewCell.m */ = {isa = PBXFileReference; fileEncoding = 4; lastKnownFileType = sourcecode.c.objc; path = TemperaturaCollectionViewCell.m; sourceTree = "<group>"; };
		06FE05511B715A5800BCFCA3 /* VientoCollectionViewCell.h */ = {isa = PBXFileReference; fileEncoding = 4; lastKnownFileType = sourcecode.c.h; path = VientoCollectionViewCell.h; sourceTree = "<group>"; };
		06FE05521B715A5800BCFCA3 /* VientoCollectionViewCell.m */ = {isa = PBXFileReference; fileEncoding = 4; lastKnownFileType = sourcecode.c.objc; path = VientoCollectionViewCell.m; sourceTree = "<group>"; };
		06FE05541B715BA000BCFCA3 /* ContaminantResults.h */ = {isa = PBXFileReference; fileEncoding = 4; lastKnownFileType = sourcecode.c.h; path = ContaminantResults.h; sourceTree = "<group>"; };
		06FE05551B715BA000BCFCA3 /* ContaminantResults.m */ = {isa = PBXFileReference; fileEncoding = 4; lastKnownFileType = sourcecode.c.objc; path = ContaminantResults.m; sourceTree = "<group>"; };
		06FE05571B715BB800BCFCA3 /* ImecaResults.h */ = {isa = PBXFileReference; fileEncoding = 4; lastKnownFileType = sourcecode.c.h; path = ImecaResults.h; sourceTree = "<group>"; };
		06FE05581B715BB800BCFCA3 /* ImecaResults.m */ = {isa = PBXFileReference; fileEncoding = 4; lastKnownFileType = sourcecode.c.objc; path = ImecaResults.m; sourceTree = "<group>"; };
		06FE055A1B715C3D00BCFCA3 /* CurrentResults.h */ = {isa = PBXFileReference; fileEncoding = 4; lastKnownFileType = sourcecode.c.h; path = CurrentResults.h; sourceTree = "<group>"; };
		06FE055B1B715C3E00BCFCA3 /* CurrentResults.m */ = {isa = PBXFileReference; fileEncoding = 4; lastKnownFileType = sourcecode.c.objc; path = CurrentResults.m; sourceTree = "<group>"; };
		06FE055D1B715D2E00BCFCA3 /* PredictionResults.h */ = {isa = PBXFileReference; fileEncoding = 4; lastKnownFileType = sourcecode.c.h; path = PredictionResults.h; sourceTree = "<group>"; };
		06FE055E1B715D2E00BCFCA3 /* PredictionResults.m */ = {isa = PBXFileReference; fileEncoding = 4; lastKnownFileType = sourcecode.c.objc; path = PredictionResults.m; sourceTree = "<group>"; };
		06FE05621B715E4200BCFCA3 /* Constants.h */ = {isa = PBXFileReference; fileEncoding = 4; lastKnownFileType = sourcecode.c.h; path = Constants.h; sourceTree = "<group>"; };
		06FE05631B71614B00BCFCA3 /* ResultsCellDelegate.h */ = {isa = PBXFileReference; fileEncoding = 4; lastKnownFileType = sourcecode.c.h; path = ResultsCellDelegate.h; sourceTree = "<group>"; };
		0AE7FB868C685FB3C0F45E35 /* libPods.a */ = {isa = PBXFileReference; explicitFileType = archive.ar; includeInIndex = 0; path = libPods.a; sourceTree = BUILT_PRODUCTS_DIR; };
		5C303C0E9D12CEB5FD316AF3 /* Pods.release.xcconfig */ = {isa = PBXFileReference; includeInIndex = 1; lastKnownFileType = text.xcconfig; name = Pods.release.xcconfig; path = "Pods/Target Support Files/Pods/Pods.release.xcconfig"; sourceTree = "<group>"; };
		E561D436F3FA75A06758C659 /* Pods.debug.xcconfig */ = {isa = PBXFileReference; includeInIndex = 1; lastKnownFileType = text.xcconfig; name = Pods.debug.xcconfig; path = "Pods/Target Support Files/Pods/Pods.debug.xcconfig"; sourceTree = "<group>"; };
/* End PBXFileReference section */

/* Begin PBXFrameworksBuildPhase section */
		06D367A21B542615009E9D47 /* Frameworks */ = {
			isa = PBXFrameworksBuildPhase;
			buildActionMask = 2147483647;
			files = (
				065753131B5EE7B300FF226C /* MapKit.framework in Frameworks */,
				D2F0869EC7379D94E67B90E4 /* libPods.a in Frameworks */,
			);
			runOnlyForDeploymentPostprocessing = 0;
		};
		06D367BB1B542615009E9D47 /* Frameworks */ = {
			isa = PBXFrameworksBuildPhase;
			buildActionMask = 2147483647;
			files = (
			);
			runOnlyForDeploymentPostprocessing = 0;
		};
		06D8BA621B74106B007462A4 /* Frameworks */ = {
			isa = PBXFrameworksBuildPhase;
			buildActionMask = 2147483647;
			files = (
			);
			runOnlyForDeploymentPostprocessing = 0;
		};
		06FAE37E1B72B9C200B19700 /* Frameworks */ = {
			isa = PBXFrameworksBuildPhase;
			buildActionMask = 2147483647;
			files = (
				06FAE3831B72B9C200B19700 /* NotificationCenter.framework in Frameworks */,
			);
			runOnlyForDeploymentPostprocessing = 0;
		};
/* End PBXFrameworksBuildPhase section */

/* Begin PBXGroup section */
		060A9E9E1B79081C00C5AAD6 /* AireNL API */ = {
			isa = PBXGroup;
			children = (
				065753071B5EBA3B00FF226C /* Network */,
				06D367CE1B542631009E9D47 /* Models */,
			);
			name = "AireNL API";
			sourceTree = "<group>";
		};
		063366781B60064C00C32FF6 /* Table & Collection Cells */ = {
			isa = PBXGroup;
			children = (
				06FE05481B715A2700BCFCA3 /* ImecaCollectionViewCell.h */,
				06FE05491B715A2700BCFCA3 /* ImecaCollectionViewCell.m */,
				06FE054B1B715A3A00BCFCA3 /* ActividadesCollectionViewCell.h */,
				06FE054C1B715A3A00BCFCA3 /* ActividadesCollectionViewCell.m */,
				06A8C6611B6FD45D00E42EE1 /* ContaminantesCollectionViewCell.h */,
				06A8C6621B6FD45D00E42EE1 /* ContaminantesCollectionViewCell.m */,
				06FE054E1B715A4D00BCFCA3 /* TemperaturaCollectionViewCell.h */,
				06FE054F1B715A4D00BCFCA3 /* TemperaturaCollectionViewCell.m */,
				06FE05511B715A5800BCFCA3 /* VientoCollectionViewCell.h */,
				06FE05521B715A5800BCFCA3 /* VientoCollectionViewCell.m */,
				069B252D1B67F7890032CED2 /* Pronostico UICollectionViewCell */,
			);
			name = "Table & Collection Cells";
			sourceTree = "<group>";
		};
		065753071B5EBA3B00FF226C /* Network */ = {
			isa = PBXGroup;
			children = (
			);
			name = Network;
			sourceTree = "<group>";
		};
		065753141B5EE7DB00FF226C /* Frameworks */ = {
			isa = PBXGroup;
			children = (
				065753121B5EE7B300FF226C /* MapKit.framework */,
			);
			name = Frameworks;
			sourceTree = "<group>";
		};
		069354D11B8E4DDF00AB810F /* Info Controllers */ = {
			isa = PBXGroup;
			children = (
				0690435E1B8E257D00A2E576 /* InfoContainerViewController.h */,
				0690435F1B8E257D00A2E576 /* InfoContainerViewController.m */,
				06EA06191B8CC93100FA0B87 /* InfoTableViewController.h */,
				06EA061A1B8CC93100FA0B87 /* InfoTableViewController.m */,
			);
			name = "Info Controllers";
			sourceTree = "<group>";
		};
		069B252D1B67F7890032CED2 /* Pronostico UICollectionViewCell */ = {
			isa = PBXGroup;
			children = (
				06F2C4401B680D4100BDF043 /* PronosticosCollectionViewCell.h */,
				06F2C4411B680D4100BDF043 /* PronosticosCollectionViewCell.m */,
				06F2C4421B680D4100BDF043 /* PronosticosCollectionViewCell.xib */,
				06F2C44F1B6811D100BDF043 /* PronosticoHeaderTableViewCell.h */,
				06F2C4501B6811D100BDF043 /* PronosticoHeaderTableViewCell.m */,
				06C5E2991B83A9700017B15A /* PronosticoHeaderTableViewCell.xib */,
				06F2C44A1B680E7000BDF043 /* PronosticoTableViewCell.h */,
				06F2C44B1B680E7000BDF043 /* PronosticoTableViewCell.m */,
				06C5E29E1B83A97C0017B15A /* PronosticoTableViewCell.xib */,
			);
			name = "Pronostico UICollectionViewCell";
			sourceTree = "<group>";
		};
		06D3679C1B542615009E9D47 = {
			isa = PBXGroup;
			children = (
				06D367A71B542615009E9D47 /* AireNL */,
				06D367C11B542615009E9D47 /* AireNLTests */,
				06FAE3841B72B9C200B19700 /* AireNL Widget */,
				06D8BA661B74106B007462A4 /* AireNL WatchKit Extension */,
				06D8BA7B1B74106B007462A4 /* AireNL WatchKit App */,
				06D367A61B542615009E9D47 /* Products */,
				7DDB6118893D8D39D7CD7C12 /* Pods */,
				B8522DD162297A694322873C /* Frameworks */,
			);
			sourceTree = "<group>";
		};
		06D367A61B542615009E9D47 /* Products */ = {
			isa = PBXGroup;
			children = (
				06D367A51B542615009E9D47 /* AireNL.app */,
				06D367BE1B542615009E9D47 /* AireNLTests.xctest */,
				06FAE3811B72B9C200B19700 /* AireNL Widget.appex */,
				06D8BA651B74106B007462A4 /* AireNL WatchKit Extension.appex */,
				06D8BA771B74106B007462A4 /* AireNL WatchKit App.app */,
			);
			name = Products;
			sourceTree = "<group>";
		};
		06D367A71B542615009E9D47 /* AireNL */ = {
			isa = PBXGroup;
			children = (
				060A9E9E1B79081C00C5AAD6 /* AireNL API */,
				06D367CF1B542638009E9D47 /* Views */,
				06D367D01B542642009E9D47 /* Controllers */,
				06D367D11B54264A009E9D47 /* Helpers+Categories */,
				06D367D21B542653009E9D47 /* Assets */,
				06FE05621B715E4200BCFCA3 /* Constants.h */,
				06D367AC1B542615009E9D47 /* AppDelegate.h */,
				06D367AD1B542615009E9D47 /* AppDelegate.m */,
				06D367A81B542615009E9D47 /* Supporting Files */,
				065753141B5EE7DB00FF226C /* Frameworks */,
			);
			path = AireNL;
			sourceTree = "<group>";
		};
		06D367A81B542615009E9D47 /* Supporting Files */ = {
			isa = PBXGroup;
			children = (
				06D367A91B542615009E9D47 /* Info.plist */,
				06D367AA1B542615009E9D47 /* main.m */,
			);
			name = "Supporting Files";
			sourceTree = "<group>";
		};
		06D367C11B542615009E9D47 /* AireNLTests */ = {
			isa = PBXGroup;
			children = (
				06D367C41B542615009E9D47 /* AireNLTests.m */,
				06D367C21B542615009E9D47 /* Supporting Files */,
			);
			path = AireNLTests;
			sourceTree = "<group>";
		};
		06D367C21B542615009E9D47 /* Supporting Files */ = {
			isa = PBXGroup;
			children = (
				06D367C31B542615009E9D47 /* Info.plist */,
			);
			name = "Supporting Files";
			sourceTree = "<group>";
		};
		06D367CE1B542631009E9D47 /* Models */ = {
			isa = PBXGroup;
			children = (
				06FE05601B715D3600BCFCA3 /* Current Results */,
				06FE05611B715D4900BCFCA3 /* Prediction Results */,
			);
			name = Models;
			sourceTree = "<group>";
		};
		06D367CF1B542638009E9D47 /* Views */ = {
			isa = PBXGroup;
			children = (
				06D367B21B542615009E9D47 /* Main.storyboard */,
				06D367B71B542615009E9D47 /* LaunchScreen.xib */,
				06F4C9571B7BFD1000876961 /* ILRoundedView.h */,
				06F4C9581B7BFD1000876961 /* ILRoundedView.m */,
				0690435B1B8E1F9C00A2E576 /* ILAnnotationView.h */,
				0690435C1B8E1F9C00A2E576 /* ILAnnotationView.m */,
				063366841B60544000C32FF6 /* ILSpacedLabel.h */,
				063366851B60544000C32FF6 /* ILSpacedLabel.m */,
				06FE05471B7159AA00BCFCA3 /* Blurs, Gradients */,
				063366781B60064C00C32FF6 /* Table & Collection Cells */,
			);
			name = Views;
			sourceTree = "<group>";
		};
		06D367D01B542642009E9D47 /* Controllers */ = {
			isa = PBXGroup;
			children = (
				0657530B1B5EBB3600FF226C /* MainViewController.h */,
				0657530C1B5EBB3600FF226C /* MainViewController.m */,
				065753081B5EBB2C00FF226C /* MapViewController.h */,
				065753091B5EBB2C00FF226C /* MapViewController.m */,
				069354D11B8E4DDF00AB810F /* Info Controllers */,
			);
			name = Controllers;
			sourceTree = "<group>";
		};
		06D367D11B54264A009E9D47 /* Helpers+Categories */ = {
			isa = PBXGroup;
			children = (
				06FE05631B71614B00BCFCA3 /* ResultsCellDelegate.h */,
				06D367D31B54564D009E9D47 /* UIColor+ILColor.h */,
				06D367D41B54564D009E9D47 /* UIColor+ILColor.m */,
				0637ECB51B83D3470091032B /* MKMapView+ZoomLevel.h */,
				0637ECB61B83D3470091032B /* MKMapView+ZoomLevel.m */,
			);
			name = "Helpers+Categories";
			sourceTree = "<group>";
		};
		06D367D21B542653009E9D47 /* Assets */ = {
			isa = PBXGroup;
			children = (
				06D367B51B542615009E9D47 /* Images.xcassets */,
			);
			name = Assets;
			sourceTree = "<group>";
		};
		06D8BA661B74106B007462A4 /* AireNL WatchKit Extension */ = {
			isa = PBXGroup;
			children = (
				06D8BA6A1B74106B007462A4 /* InterfaceController.h */,
				06D8BA6B1B74106B007462A4 /* InterfaceController.m */,
				06B01CB51B7947A10094861C /* AirQualityInterfaceController.h */,
				06B01CB61B7947A10094861C /* AirQualityInterfaceController.m */,
				06B01CB81B7947C30094861C /* TempWindInterfaceController.h */,
				06B01CB91B7947C30094861C /* TempWindInterfaceController.m */,
				06D8BA701B74106B007462A4 /* GlanceController.h */,
				06D8BA711B74106B007462A4 /* GlanceController.m */,
				06D8BA731B74106B007462A4 /* Images.xcassets */,
				06D8BA671B74106B007462A4 /* Supporting Files */,
			);
			path = "AireNL WatchKit Extension";
			sourceTree = "<group>";
		};
		06D8BA671B74106B007462A4 /* Supporting Files */ = {
			isa = PBXGroup;
			children = (
				06D8BA681B74106B007462A4 /* Info.plist */,
				06D8BA691B74106B007462A4 /* PushNotificationPayload.apns */,
			);
			name = "Supporting Files";
			sourceTree = "<group>";
		};
		06D8BA7B1B74106B007462A4 /* AireNL WatchKit App */ = {
			isa = PBXGroup;
			children = (
				06D8BA7E1B74106B007462A4 /* Interface.storyboard */,
				06D8BA811B74106B007462A4 /* Images.xcassets */,
				06D8BA7C1B74106B007462A4 /* Supporting Files */,
			);
			path = "AireNL WatchKit App";
			sourceTree = "<group>";
		};
		06D8BA7C1B74106B007462A4 /* Supporting Files */ = {
			isa = PBXGroup;
			children = (
				06D8BA7D1B74106B007462A4 /* Info.plist */,
			);
			name = "Supporting Files";
			sourceTree = "<group>";
		};
		06FAE3841B72B9C200B19700 /* AireNL Widget */ = {
			isa = PBXGroup;
			children = (
				06FAE3871B72B9C200B19700 /* TodayViewController.h */,
				06FAE3881B72B9C200B19700 /* TodayViewController.m */,
				06C5E2921B83A8540017B15A /* MainInterface.storyboard */,
				06FAE3931B72BFB400B19700 /* Media.xcassets */,
				06FAE3851B72B9C200B19700 /* Supporting Files */,
			);
			path = "AireNL Widget";
			sourceTree = "<group>";
		};
		06FAE3851B72B9C200B19700 /* Supporting Files */ = {
			isa = PBXGroup;
			children = (
				06FAE3861B72B9C200B19700 /* Info.plist */,
			);
			name = "Supporting Files";
			sourceTree = "<group>";
		};
		06FE05471B7159AA00BCFCA3 /* Blurs, Gradients */ = {
			isa = PBXGroup;
			children = (
				06E672D81B70256F0046DD35 /* ILBlurCollectionView.h */,
				06E672D91B70256F0046DD35 /* ILBlurCollectionView.m */,
				06A89EBD1B71161700FB67A4 /* ILLinearGradientView.h */,
				06A89EBE1B71161700FB67A4 /* ILLinearGradientView.m */,
				06A8C65E1B6FCDE600E42EE1 /* ILRadialGradientLayer.h */,
				06A8C65F1B6FCDE600E42EE1 /* ILRadialGradientLayer.m */,
			);
			name = "Blurs, Gradients";
			sourceTree = "<group>";
		};
		06FE05601B715D3600BCFCA3 /* Current Results */ = {
			isa = PBXGroup;
			children = (
				06FE055A1B715C3D00BCFCA3 /* CurrentResults.h */,
				06FE055B1B715C3E00BCFCA3 /* CurrentResults.m */,
				061D50221B8BC3E000EF36EC /* MeasurementLocation.h */,
				061D50231B8BC3E000EF36EC /* MeasurementLocation.m */,
				06FE05571B715BB800BCFCA3 /* ImecaResults.h */,
				06FE05581B715BB800BCFCA3 /* ImecaResults.m */,
				06FE05541B715BA000BCFCA3 /* ContaminantResults.h */,
				06FE05551B715BA000BCFCA3 /* ContaminantResults.m */,
			);
			name = "Current Results";
			sourceTree = "<group>";
		};
		06FE05611B715D4900BCFCA3 /* Prediction Results */ = {
			isa = PBXGroup;
			children = (
				06FE055D1B715D2E00BCFCA3 /* PredictionResults.h */,
				06FE055E1B715D2E00BCFCA3 /* PredictionResults.m */,
			);
			name = "Prediction Results";
			sourceTree = "<group>";
		};
		7DDB6118893D8D39D7CD7C12 /* Pods */ = {
			isa = PBXGroup;
			children = (
				E561D436F3FA75A06758C659 /* Pods.debug.xcconfig */,
				5C303C0E9D12CEB5FD316AF3 /* Pods.release.xcconfig */,
			);
			name = Pods;
			sourceTree = "<group>";
		};
		B8522DD162297A694322873C /* Frameworks */ = {
			isa = PBXGroup;
			children = (
				0AE7FB868C685FB3C0F45E35 /* libPods.a */,
				06FAE3821B72B9C200B19700 /* NotificationCenter.framework */,
			);
			name = Frameworks;
			sourceTree = "<group>";
		};
/* End PBXGroup section */

/* Begin PBXNativeTarget section */
		06D367A41B542615009E9D47 /* AireNL */ = {
			isa = PBXNativeTarget;
			buildConfigurationList = 06D367C81B542615009E9D47 /* Build configuration list for PBXNativeTarget "AireNL" */;
			buildPhases = (
				F4F0F9C71844504945351972 /* Check Pods Manifest.lock */,
				06D367A11B542615009E9D47 /* Sources */,
				06D367A21B542615009E9D47 /* Frameworks */,
				06D367A31B542615009E9D47 /* Resources */,
				1661E4839A3A757B79DA8EC6 /* Copy Pods Resources */,
				06FAE3921B72B9C200B19700 /* Embed App Extensions */,
			);
			buildRules = (
			);
			dependencies = (
				06FAE38D1B72B9C200B19700 /* PBXTargetDependency */,
				06D8BA841B74106B007462A4 /* PBXTargetDependency */,
			);
			name = AireNL;
			productName = AireNL;
			productReference = 06D367A51B542615009E9D47 /* AireNL.app */;
			productType = "com.apple.product-type.application";
		};
		06D367BD1B542615009E9D47 /* AireNLTests */ = {
			isa = PBXNativeTarget;
			buildConfigurationList = 06D367CB1B542615009E9D47 /* Build configuration list for PBXNativeTarget "AireNLTests" */;
			buildPhases = (
				06D367BA1B542615009E9D47 /* Sources */,
				06D367BB1B542615009E9D47 /* Frameworks */,
				06D367BC1B542615009E9D47 /* Resources */,
			);
			buildRules = (
			);
			dependencies = (
				06D367C01B542615009E9D47 /* PBXTargetDependency */,
			);
			name = AireNLTests;
			productName = AireNLTests;
			productReference = 06D367BE1B542615009E9D47 /* AireNLTests.xctest */;
			productType = "com.apple.product-type.bundle.unit-test";
		};
		06D8BA641B74106B007462A4 /* AireNL WatchKit Extension */ = {
			isa = PBXNativeTarget;
			buildConfigurationList = 06D8BA8B1B74106B007462A4 /* Build configuration list for PBXNativeTarget "AireNL WatchKit Extension" */;
			buildPhases = (
				06D8BA611B74106B007462A4 /* Sources */,
				06D8BA621B74106B007462A4 /* Frameworks */,
				06D8BA631B74106B007462A4 /* Resources */,
			);
			buildRules = (
			);
			dependencies = (
				06D8BA7A1B74106B007462A4 /* PBXTargetDependency */,
			);
			name = "AireNL WatchKit Extension";
			productName = "AireNL WatchKit Extension";
			productReference = 06D8BA651B74106B007462A4 /* AireNL WatchKit Extension.appex */;
			productType = "com.apple.product-type.watchkit-extension";
		};
		06D8BA761B74106B007462A4 /* AireNL WatchKit App */ = {
			isa = PBXNativeTarget;
			buildConfigurationList = 06D8BA8A1B74106B007462A4 /* Build configuration list for PBXNativeTarget "AireNL WatchKit App" */;
			buildPhases = (
				06D8BA751B74106B007462A4 /* Resources */,
			);
			buildRules = (
			);
			dependencies = (
			);
			name = "AireNL WatchKit App";
			productName = "AireNL WatchKit App";
			productReference = 06D8BA771B74106B007462A4 /* AireNL WatchKit App.app */;
			productType = "com.apple.product-type.application.watchapp";
		};
		06FAE3801B72B9C200B19700 /* AireNL Widget */ = {
			isa = PBXNativeTarget;
			buildConfigurationList = 06FAE38F1B72B9C200B19700 /* Build configuration list for PBXNativeTarget "AireNL Widget" */;
			buildPhases = (
				06FAE37D1B72B9C200B19700 /* Sources */,
				06FAE37E1B72B9C200B19700 /* Frameworks */,
				06FAE37F1B72B9C200B19700 /* Resources */,
			);
			buildRules = (
			);
			dependencies = (
			);
			name = "AireNL Widget";
			productName = "AireNL Widget";
			productReference = 06FAE3811B72B9C200B19700 /* AireNL Widget.appex */;
			productType = "com.apple.product-type.app-extension";
		};
/* End PBXNativeTarget section */

/* Begin PBXProject section */
		06D3679D1B542615009E9D47 /* Project object */ = {
			isa = PBXProject;
			attributes = {
				LastUpgradeCheck = 0640;
				ORGANIZATIONNAME = "Icalia Labs";
				TargetAttributes = {
					06D367A41B542615009E9D47 = {
						CreatedOnToolsVersion = 6.4;
					};
					06D367BD1B542615009E9D47 = {
						CreatedOnToolsVersion = 6.4;
						TestTargetID = 06D367A41B542615009E9D47;
					};
					06D8BA641B74106B007462A4 = {
						CreatedOnToolsVersion = 6.4;
					};
					06D8BA761B74106B007462A4 = {
						CreatedOnToolsVersion = 6.4;
						DevelopmentTeam = TAGM86AK24;
					};
					06FAE3801B72B9C200B19700 = {
						CreatedOnToolsVersion = 6.4;
					};
				};
			};
			buildConfigurationList = 06D367A01B542615009E9D47 /* Build configuration list for PBXProject "AireNL" */;
			compatibilityVersion = "Xcode 3.2";
			developmentRegion = English;
			hasScannedForEncodings = 0;
			knownRegions = (
				en,
				Base,
			);
			mainGroup = 06D3679C1B542615009E9D47;
			productRefGroup = 06D367A61B542615009E9D47 /* Products */;
			projectDirPath = "";
			projectRoot = "";
			targets = (
				06D367A41B542615009E9D47 /* AireNL */,
				06D367BD1B542615009E9D47 /* AireNLTests */,
				06FAE3801B72B9C200B19700 /* AireNL Widget */,
				06D8BA641B74106B007462A4 /* AireNL WatchKit Extension */,
				06D8BA761B74106B007462A4 /* AireNL WatchKit App */,
			);
		};
/* End PBXProject section */

/* Begin PBXResourcesBuildPhase section */
		06D367A31B542615009E9D47 /* Resources */ = {
			isa = PBXResourcesBuildPhase;
			buildActionMask = 2147483647;
			files = (
				06F2C4441B680D4100BDF043 /* PronosticosCollectionViewCell.xib in Resources */,
				06D367B41B542615009E9D47 /* Main.storyboard in Resources */,
				06D367B91B542615009E9D47 /* LaunchScreen.xib in Resources */,
				06D367B61B542615009E9D47 /* Images.xcassets in Resources */,
				06C5E2971B83A9700017B15A /* PronosticoHeaderTableViewCell.xib in Resources */,
				06C5E29C1B83A97C0017B15A /* PronosticoTableViewCell.xib in Resources */,
			);
			runOnlyForDeploymentPostprocessing = 0;
		};
		06D367BC1B542615009E9D47 /* Resources */ = {
			isa = PBXResourcesBuildPhase;
			buildActionMask = 2147483647;
			files = (
			);
			runOnlyForDeploymentPostprocessing = 0;
		};
		06D8BA631B74106B007462A4 /* Resources */ = {
			isa = PBXResourcesBuildPhase;
			buildActionMask = 2147483647;
			files = (
				06D8BA741B74106B007462A4 /* Images.xcassets in Resources */,
				06D8BA781B74106B007462A4 /* AireNL WatchKit App.app in Resources */,
			);
			runOnlyForDeploymentPostprocessing = 0;
		};
		06D8BA751B74106B007462A4 /* Resources */ = {
			isa = PBXResourcesBuildPhase;
			buildActionMask = 2147483647;
			files = (
				06D8BA801B74106B007462A4 /* Interface.storyboard in Resources */,
				06D8BA821B74106B007462A4 /* Images.xcassets in Resources */,
			);
			runOnlyForDeploymentPostprocessing = 0;
		};
		06FAE37F1B72B9C200B19700 /* Resources */ = {
			isa = PBXResourcesBuildPhase;
			buildActionMask = 2147483647;
			files = (
				06FAE3941B72BFB400B19700 /* Media.xcassets in Resources */,
				06C5E2901B83A8540017B15A /* MainInterface.storyboard in Resources */,
			);
			runOnlyForDeploymentPostprocessing = 0;
		};
/* End PBXResourcesBuildPhase section */

/* Begin PBXShellScriptBuildPhase section */
		1661E4839A3A757B79DA8EC6 /* Copy Pods Resources */ = {
			isa = PBXShellScriptBuildPhase;
			buildActionMask = 2147483647;
			files = (
			);
			inputPaths = (
			);
			name = "Copy Pods Resources";
			outputPaths = (
			);
			runOnlyForDeploymentPostprocessing = 0;
			shellPath = /bin/sh;
			shellScript = "\"${SRCROOT}/Pods/Target Support Files/Pods/Pods-resources.sh\"\n";
			showEnvVarsInLog = 0;
		};
		F4F0F9C71844504945351972 /* Check Pods Manifest.lock */ = {
			isa = PBXShellScriptBuildPhase;
			buildActionMask = 2147483647;
			files = (
			);
			inputPaths = (
			);
			name = "Check Pods Manifest.lock";
			outputPaths = (
			);
			runOnlyForDeploymentPostprocessing = 0;
			shellPath = /bin/sh;
			shellScript = "diff \"${PODS_ROOT}/../Podfile.lock\" \"${PODS_ROOT}/Manifest.lock\" > /dev/null\nif [[ $? != 0 ]] ; then\n    cat << EOM\nerror: The sandbox is not in sync with the Podfile.lock. Run 'pod install' or update your CocoaPods installation.\nEOM\n    exit 1\nfi\n";
			showEnvVarsInLog = 0;
		};
/* End PBXShellScriptBuildPhase section */

/* Begin PBXSourcesBuildPhase section */
		06D367A11B542615009E9D47 /* Sources */ = {
			isa = PBXSourcesBuildPhase;
			buildActionMask = 2147483647;
			files = (
				06D367D51B54564D009E9D47 /* UIColor+ILColor.m in Sources */,
				0637ECB71B83D3470091032B /* MKMapView+ZoomLevel.m in Sources */,
				06E672DA1B70256F0046DD35 /* ILBlurCollectionView.m in Sources */,
				06F2C4431B680D4100BDF043 /* PronosticosCollectionViewCell.m in Sources */,
				063366861B60544000C32FF6 /* ILSpacedLabel.m in Sources */,
				06F2C44D1B680E7000BDF043 /* PronosticoTableViewCell.m in Sources */,
				06FE05531B715A5800BCFCA3 /* VientoCollectionViewCell.m in Sources */,
				06EA061B1B8CC93100FA0B87 /* InfoTableViewController.m in Sources */,
				0657530D1B5EBB3600FF226C /* MainViewController.m in Sources */,
				06FE055C1B715C3E00BCFCA3 /* CurrentResults.m in Sources */,
				069043601B8E257D00A2E576 /* InfoContainerViewController.m in Sources */,
				06A8C6631B6FD45D00E42EE1 /* ContaminantesCollectionViewCell.m in Sources */,
				0657530A1B5EBB2C00FF226C /* MapViewController.m in Sources */,
				06FE05561B715BA000BCFCA3 /* ContaminantResults.m in Sources */,
				06D367AE1B542615009E9D47 /* AppDelegate.m in Sources */,
				06D367AB1B542615009E9D47 /* main.m in Sources */,
				06FE054D1B715A3A00BCFCA3 /* ActividadesCollectionViewCell.m in Sources */,
				06F4C9591B7BFD1000876961 /* ILRoundedView.m in Sources */,
				06FE05501B715A4D00BCFCA3 /* TemperaturaCollectionViewCell.m in Sources */,
				0690435D1B8E1F9C00A2E576 /* ILAnnotationView.m in Sources */,
				06FE054A1B715A2700BCFCA3 /* ImecaCollectionViewCell.m in Sources */,
				06F2C4521B6811D100BDF043 /* PronosticoHeaderTableViewCell.m in Sources */,
				061D50241B8BC3E000EF36EC /* MeasurementLocation.m in Sources */,
				06FE055F1B715D2E00BCFCA3 /* PredictionResults.m in Sources */,
				06A89EBF1B71161700FB67A4 /* ILLinearGradientView.m in Sources */,
				06A8C6601B6FCDE600E42EE1 /* ILRadialGradientLayer.m in Sources */,
				06FE05591B715BB800BCFCA3 /* ImecaResults.m in Sources */,
			);
			runOnlyForDeploymentPostprocessing = 0;
		};
		06D367BA1B542615009E9D47 /* Sources */ = {
			isa = PBXSourcesBuildPhase;
			buildActionMask = 2147483647;
			files = (
				06D367C51B542615009E9D47 /* AireNLTests.m in Sources */,
			);
			runOnlyForDeploymentPostprocessing = 0;
		};
		06D8BA611B74106B007462A4 /* Sources */ = {
			isa = PBXSourcesBuildPhase;
			buildActionMask = 2147483647;
			files = (
				064356B81B8D119200AFC1B8 /* MeasurementLocation.h in Sources */,
				064356B91B8D119200AFC1B8 /* MeasurementLocation.m in Sources */,
				060A9EA71B79088600C5AAD6 /* CurrentResults.h in Sources */,
				060A9EA81B79088600C5AAD6 /* CurrentResults.m in Sources */,
				060A9EA91B79088600C5AAD6 /* ContaminantResults.h in Sources */,
				06B01CB71B7947A10094861C /* AirQualityInterfaceController.m in Sources */,
				06B01CBA1B7947C30094861C /* TempWindInterfaceController.m in Sources */,
				060A9EAA1B79088600C5AAD6 /* ContaminantResults.m in Sources */,
				060A9EAB1B79088600C5AAD6 /* ImecaResults.h in Sources */,
				060A9EAC1B79088600C5AAD6 /* ImecaResults.m in Sources */,
				060A9EAD1B79088600C5AAD6 /* PredictionResults.h in Sources */,
				060A9EAE1B79088600C5AAD6 /* PredictionResults.m in Sources */,
				06D8BA6C1B74106B007462A4 /* InterfaceController.m in Sources */,
				06D8BA721B74106B007462A4 /* GlanceController.m in Sources */,
			);
			runOnlyForDeploymentPostprocessing = 0;
		};
		06FAE37D1B72B9C200B19700 /* Sources */ = {
			isa = PBXSourcesBuildPhase;
			buildActionMask = 2147483647;
			files = (
				064356BA1B8D119F00AFC1B8 /* MeasurementLocation.h in Sources */,
				064356BB1B8D119F00AFC1B8 /* MeasurementLocation.m in Sources */,
				060A9E9F1B79087000C5AAD6 /* CurrentResults.h in Sources */,
				060A9EA01B79087000C5AAD6 /* CurrentResults.m in Sources */,
				060A9EA11B79087000C5AAD6 /* ContaminantResults.h in Sources */,
				060A9EA21B79087000C5AAD6 /* ContaminantResults.m in Sources */,
				060A9EA31B79087000C5AAD6 /* ImecaResults.h in Sources */,
				060A9EA41B79087000C5AAD6 /* ImecaResults.m in Sources */,
				060A9EA51B79087000C5AAD6 /* PredictionResults.h in Sources */,
				060A9EA61B79087000C5AAD6 /* PredictionResults.m in Sources */,
				06FAE3891B72B9C200B19700 /* TodayViewController.m in Sources */,
			);
			runOnlyForDeploymentPostprocessing = 0;
		};
/* End PBXSourcesBuildPhase section */

/* Begin PBXTargetDependency section */
		06D367C01B542615009E9D47 /* PBXTargetDependency */ = {
			isa = PBXTargetDependency;
			target = 06D367A41B542615009E9D47 /* AireNL */;
			targetProxy = 06D367BF1B542615009E9D47 /* PBXContainerItemProxy */;
		};
		06D8BA7A1B74106B007462A4 /* PBXTargetDependency */ = {
			isa = PBXTargetDependency;
			target = 06D8BA761B74106B007462A4 /* AireNL WatchKit App */;
			targetProxy = 06D8BA791B74106B007462A4 /* PBXContainerItemProxy */;
		};
		06D8BA841B74106B007462A4 /* PBXTargetDependency */ = {
			isa = PBXTargetDependency;
			target = 06D8BA641B74106B007462A4 /* AireNL WatchKit Extension */;
			targetProxy = 06D8BA831B74106B007462A4 /* PBXContainerItemProxy */;
		};
		06FAE38D1B72B9C200B19700 /* PBXTargetDependency */ = {
			isa = PBXTargetDependency;
			target = 06FAE3801B72B9C200B19700 /* AireNL Widget */;
			targetProxy = 06FAE38C1B72B9C200B19700 /* PBXContainerItemProxy */;
		};
/* End PBXTargetDependency section */

/* Begin PBXVariantGroup section */
		06C5E2921B83A8540017B15A /* MainInterface.storyboard */ = {
			isa = PBXVariantGroup;
			children = (
				06C5E2911B83A8540017B15A /* Base */,
				0637ECAD1B83AB050091032B /* es */,
				0637ECB31B83AB0A0091032B /* es-MX */,
			);
			name = MainInterface.storyboard;
			sourceTree = "<group>";
		};
		06C5E2991B83A9700017B15A /* PronosticoHeaderTableViewCell.xib */ = {
			isa = PBXVariantGroup;
			children = (
				06C5E2981B83A9700017B15A /* Base */,
				0637ECAB1B83AB050091032B /* es */,
				0637ECB11B83AB0A0091032B /* es-MX */,
			);
			name = PronosticoHeaderTableViewCell.xib;
			sourceTree = "<group>";
		};
		06C5E29E1B83A97C0017B15A /* PronosticoTableViewCell.xib */ = {
			isa = PBXVariantGroup;
			children = (
				06C5E29D1B83A97C0017B15A /* Base */,
				0637ECAC1B83AB050091032B /* es */,
				0637ECB21B83AB0A0091032B /* es-MX */,
			);
			name = PronosticoTableViewCell.xib;
			sourceTree = "<group>";
		};
		06D367B21B542615009E9D47 /* Main.storyboard */ = {
			isa = PBXVariantGroup;
			children = (
				06D367B31B542615009E9D47 /* Base */,
				0637ECA91B83AB050091032B /* es */,
				0637ECAF1B83AB0A0091032B /* es-MX */,
			);
			name = Main.storyboard;
			sourceTree = "<group>";
		};
		06D367B71B542615009E9D47 /* LaunchScreen.xib */ = {
			isa = PBXVariantGroup;
			children = (
				06D367B81B542615009E9D47 /* Base */,
				0637ECAA1B83AB050091032B /* es */,
				0637ECB01B83AB0A0091032B /* es-MX */,
			);
			name = LaunchScreen.xib;
			sourceTree = "<group>";
		};
		06D8BA7E1B74106B007462A4 /* Interface.storyboard */ = {
			isa = PBXVariantGroup;
			children = (
				06D8BA7F1B74106B007462A4 /* Base */,
				0637ECAE1B83AB050091032B /* es */,
				0637ECB41B83AB0A0091032B /* es-MX */,
			);
			name = Interface.storyboard;
			sourceTree = "<group>";
		};
/* End PBXVariantGroup section */

/* Begin XCBuildConfiguration section */
		06D367C61B542615009E9D47 /* Debug */ = {
			isa = XCBuildConfiguration;
			buildSettings = {
				ALWAYS_SEARCH_USER_PATHS = NO;
				CLANG_CXX_LANGUAGE_STANDARD = "gnu++0x";
				CLANG_CXX_LIBRARY = "libc++";
				CLANG_ENABLE_MODULES = YES;
				CLANG_ENABLE_OBJC_ARC = YES;
				CLANG_WARN_BOOL_CONVERSION = YES;
				CLANG_WARN_CONSTANT_CONVERSION = YES;
				CLANG_WARN_DIRECT_OBJC_ISA_USAGE = YES_ERROR;
				CLANG_WARN_EMPTY_BODY = YES;
				CLANG_WARN_ENUM_CONVERSION = YES;
				CLANG_WARN_INT_CONVERSION = YES;
				CLANG_WARN_OBJC_ROOT_CLASS = YES_ERROR;
				CLANG_WARN_UNREACHABLE_CODE = YES;
				CLANG_WARN__DUPLICATE_METHOD_MATCH = YES;
				CODE_SIGN_IDENTITY = "iPhone Developer: Daniel Lozano (K45QRVF7LT)";
				"CODE_SIGN_IDENTITY[sdk=iphoneos*]" = "iPhone Developer";
				COPY_PHASE_STRIP = NO;
				DEBUG_INFORMATION_FORMAT = "dwarf-with-dsym";
				ENABLE_STRICT_OBJC_MSGSEND = YES;
				GCC_C_LANGUAGE_STANDARD = gnu99;
				GCC_DYNAMIC_NO_PIC = NO;
				GCC_NO_COMMON_BLOCKS = YES;
				GCC_OPTIMIZATION_LEVEL = 0;
				GCC_PREPROCESSOR_DEFINITIONS = (
					"DEBUG=1",
					"$(inherited)",
				);
				GCC_SYMBOLS_PRIVATE_EXTERN = NO;
				GCC_WARN_64_TO_32_BIT_CONVERSION = YES;
				GCC_WARN_ABOUT_RETURN_TYPE = YES_ERROR;
				GCC_WARN_UNDECLARED_SELECTOR = YES;
				GCC_WARN_UNINITIALIZED_AUTOS = YES_AGGRESSIVE;
				GCC_WARN_UNUSED_FUNCTION = YES;
				GCC_WARN_UNUSED_VARIABLE = YES;
				IPHONEOS_DEPLOYMENT_TARGET = 8.2;
				MTL_ENABLE_DEBUG_INFO = YES;
				ONLY_ACTIVE_ARCH = YES;
				SDKROOT = iphoneos;
				TARGETED_DEVICE_FAMILY = "1,2";
			};
			name = Debug;
		};
		06D367C71B542615009E9D47 /* Release */ = {
			isa = XCBuildConfiguration;
			buildSettings = {
				ALWAYS_SEARCH_USER_PATHS = NO;
				CLANG_CXX_LANGUAGE_STANDARD = "gnu++0x";
				CLANG_CXX_LIBRARY = "libc++";
				CLANG_ENABLE_MODULES = YES;
				CLANG_ENABLE_OBJC_ARC = YES;
				CLANG_WARN_BOOL_CONVERSION = YES;
				CLANG_WARN_CONSTANT_CONVERSION = YES;
				CLANG_WARN_DIRECT_OBJC_ISA_USAGE = YES_ERROR;
				CLANG_WARN_EMPTY_BODY = YES;
				CLANG_WARN_ENUM_CONVERSION = YES;
				CLANG_WARN_INT_CONVERSION = YES;
				CLANG_WARN_OBJC_ROOT_CLASS = YES_ERROR;
				CLANG_WARN_UNREACHABLE_CODE = YES;
				CLANG_WARN__DUPLICATE_METHOD_MATCH = YES;
				"CODE_SIGN_IDENTITY[sdk=iphoneos*]" = "iPhone Developer";
				COPY_PHASE_STRIP = NO;
				DEBUG_INFORMATION_FORMAT = "dwarf-with-dsym";
				ENABLE_NS_ASSERTIONS = NO;
				ENABLE_STRICT_OBJC_MSGSEND = YES;
				GCC_C_LANGUAGE_STANDARD = gnu99;
				GCC_NO_COMMON_BLOCKS = YES;
				GCC_WARN_64_TO_32_BIT_CONVERSION = YES;
				GCC_WARN_ABOUT_RETURN_TYPE = YES_ERROR;
				GCC_WARN_UNDECLARED_SELECTOR = YES;
				GCC_WARN_UNINITIALIZED_AUTOS = YES_AGGRESSIVE;
				GCC_WARN_UNUSED_FUNCTION = YES;
				GCC_WARN_UNUSED_VARIABLE = YES;
				IPHONEOS_DEPLOYMENT_TARGET = 8.2;
				MTL_ENABLE_DEBUG_INFO = NO;
				SDKROOT = iphoneos;
				TARGETED_DEVICE_FAMILY = "1,2";
				VALIDATE_PRODUCT = YES;
			};
			name = Release;
		};
		06D367C91B542615009E9D47 /* Debug */ = {
			isa = XCBuildConfiguration;
			baseConfigurationReference = E561D436F3FA75A06758C659 /* Pods.debug.xcconfig */;
			buildSettings = {
				ASSETCATALOG_COMPILER_APPICON_NAME = AppIcon;
				CODE_SIGN_IDENTITY = "iPhone Developer: Daniel Lozano (K45QRVF7LT)";
				INFOPLIST_FILE = AireNL/Info.plist;
				LD_RUNPATH_SEARCH_PATHS = "$(inherited) @executable_path/Frameworks";
				PRODUCT_NAME = "$(TARGET_NAME)";
			};
			name = Debug;
		};
		06D367CA1B542615009E9D47 /* Release */ = {
			isa = XCBuildConfiguration;
			baseConfigurationReference = 5C303C0E9D12CEB5FD316AF3 /* Pods.release.xcconfig */;
			buildSettings = {
				ASSETCATALOG_COMPILER_APPICON_NAME = AppIcon;
				INFOPLIST_FILE = AireNL/Info.plist;
				LD_RUNPATH_SEARCH_PATHS = "$(inherited) @executable_path/Frameworks";
				PRODUCT_NAME = "$(TARGET_NAME)";
			};
			name = Release;
		};
		06D367CC1B542615009E9D47 /* Debug */ = {
			isa = XCBuildConfiguration;
			buildSettings = {
				BUNDLE_LOADER = "$(TEST_HOST)";
				FRAMEWORK_SEARCH_PATHS = (
					"$(SDKROOT)/Developer/Library/Frameworks",
					"$(inherited)",
				);
				GCC_PREPROCESSOR_DEFINITIONS = (
					"DEBUG=1",
					"$(inherited)",
				);
				INFOPLIST_FILE = AireNLTests/Info.plist;
				LD_RUNPATH_SEARCH_PATHS = "$(inherited) @executable_path/Frameworks @loader_path/Frameworks";
				PRODUCT_NAME = "$(TARGET_NAME)";
				TEST_HOST = "$(BUILT_PRODUCTS_DIR)/AireNL.app/AireNL";
			};
			name = Debug;
		};
		06D367CD1B542615009E9D47 /* Release */ = {
			isa = XCBuildConfiguration;
			buildSettings = {
				BUNDLE_LOADER = "$(TEST_HOST)";
				FRAMEWORK_SEARCH_PATHS = (
					"$(SDKROOT)/Developer/Library/Frameworks",
					"$(inherited)",
				);
				INFOPLIST_FILE = AireNLTests/Info.plist;
				LD_RUNPATH_SEARCH_PATHS = "$(inherited) @executable_path/Frameworks @loader_path/Frameworks";
				PRODUCT_NAME = "$(TARGET_NAME)";
				TEST_HOST = "$(BUILT_PRODUCTS_DIR)/AireNL.app/AireNL";
			};
			name = Release;
		};
		06D8BA861B74106B007462A4 /* Debug */ = {
			isa = XCBuildConfiguration;
			buildSettings = {
				CODE_SIGN_IDENTITY = "iPhone Developer: Daniel Lozano (K45QRVF7LT)";
				GCC_PREPROCESSOR_DEFINITIONS = (
					"DEBUG=1",
					"$(inherited)",
				);
				INFOPLIST_FILE = "AireNL WatchKit Extension/Info.plist";
				IPHONEOS_DEPLOYMENT_TARGET = 8.2;
				LD_RUNPATH_SEARCH_PATHS = "$(inherited) @executable_path/Frameworks @executable_path/../../Frameworks";
				PRODUCT_NAME = "${TARGET_NAME}";
				SKIP_INSTALL = YES;
			};
			name = Debug;
		};
		06D8BA871B74106B007462A4 /* Release */ = {
			isa = XCBuildConfiguration;
			buildSettings = {
				INFOPLIST_FILE = "AireNL WatchKit Extension/Info.plist";
				IPHONEOS_DEPLOYMENT_TARGET = 8.2;
				LD_RUNPATH_SEARCH_PATHS = "$(inherited) @executable_path/Frameworks @executable_path/../../Frameworks";
				PRODUCT_NAME = "${TARGET_NAME}";
				SKIP_INSTALL = YES;
			};
			name = Release;
		};
		06D8BA881B74106B007462A4 /* Debug */ = {
			isa = XCBuildConfiguration;
			buildSettings = {
				ASSETCATALOG_COMPILER_APPICON_NAME = AppIcon;
				CODE_SIGN_IDENTITY = "iPhone Developer";
				"CODE_SIGN_IDENTITY[sdk=iphoneos*]" = "iPhone Developer";
				GCC_PREPROCESSOR_DEFINITIONS = (
					"DEBUG=1",
					"$(inherited)",
				);
				IBSC_MODULE = AireNL_WatchKit_Extension;
				INFOPLIST_FILE = "AireNL WatchKit App/Info.plist";
				IPHONEOS_DEPLOYMENT_TARGET = 8.2;
				PRODUCT_NAME = "$(TARGET_NAME)";
				PROVISIONING_PROFILE = "";
				SKIP_INSTALL = YES;
				TARGETED_DEVICE_FAMILY = 4;
				"TARGETED_DEVICE_FAMILY[sdk=iphonesimulator*]" = "1,4";
			};
			name = Debug;
		};
		06D8BA891B74106B007462A4 /* Release */ = {
			isa = XCBuildConfiguration;
			buildSettings = {
				ASSETCATALOG_COMPILER_APPICON_NAME = AppIcon;
				CODE_SIGN_IDENTITY = "iPhone Developer";
				"CODE_SIGN_IDENTITY[sdk=iphoneos*]" = "iPhone Developer";
				IBSC_MODULE = AireNL_WatchKit_Extension;
				INFOPLIST_FILE = "AireNL WatchKit App/Info.plist";
				IPHONEOS_DEPLOYMENT_TARGET = 8.2;
				PRODUCT_NAME = "$(TARGET_NAME)";
				PROVISIONING_PROFILE = "";
				SKIP_INSTALL = YES;
				TARGETED_DEVICE_FAMILY = 4;
				"TARGETED_DEVICE_FAMILY[sdk=iphonesimulator*]" = "1,4";
			};
			name = Release;
		};
		06FAE3901B72B9C200B19700 /* Debug */ = {
			isa = XCBuildConfiguration;
			buildSettings = {
				CODE_SIGN_IDENTITY = "iPhone Developer: Daniel Lozano (K45QRVF7LT)";
				GCC_PREPROCESSOR_DEFINITIONS = (
					"DEBUG=1",
					"$(inherited)",
				);
				INFOPLIST_FILE = "AireNL Widget/Info.plist";
				IPHONEOS_DEPLOYMENT_TARGET = 8.2;
				LD_RUNPATH_SEARCH_PATHS = "$(inherited) @executable_path/Frameworks @executable_path/../../Frameworks";
				PRODUCT_NAME = "$(TARGET_NAME)";
				SKIP_INSTALL = YES;
			};
			name = Debug;
		};
		06FAE3911B72B9C200B19700 /* Release */ = {
			isa = XCBuildConfiguration;
			buildSettings = {
				INFOPLIST_FILE = "AireNL Widget/Info.plist";
				IPHONEOS_DEPLOYMENT_TARGET = 8.2;
				LD_RUNPATH_SEARCH_PATHS = "$(inherited) @executable_path/Frameworks @executable_path/../../Frameworks";
				PRODUCT_NAME = "$(TARGET_NAME)";
				SKIP_INSTALL = YES;
			};
			name = Release;
		};
/* End XCBuildConfiguration section */

/* Begin XCConfigurationList section */
		06D367A01B542615009E9D47 /* Build configuration list for PBXProject "AireNL" */ = {
			isa = XCConfigurationList;
			buildConfigurations = (
				06D367C61B542615009E9D47 /* Debug */,
				06D367C71B542615009E9D47 /* Release */,
			);
			defaultConfigurationIsVisible = 0;
			defaultConfigurationName = Release;
		};
		06D367C81B542615009E9D47 /* Build configuration list for PBXNativeTarget "AireNL" */ = {
			isa = XCConfigurationList;
			buildConfigurations = (
				06D367C91B542615009E9D47 /* Debug */,
				06D367CA1B542615009E9D47 /* Release */,
			);
			defaultConfigurationIsVisible = 0;
			defaultConfigurationName = Release;
		};
		06D367CB1B542615009E9D47 /* Build configuration list for PBXNativeTarget "AireNLTests" */ = {
			isa = XCConfigurationList;
			buildConfigurations = (
				06D367CC1B542615009E9D47 /* Debug */,
				06D367CD1B542615009E9D47 /* Release */,
			);
			defaultConfigurationIsVisible = 0;
			defaultConfigurationName = Release;
		};
		06D8BA8A1B74106B007462A4 /* Build configuration list for PBXNativeTarget "AireNL WatchKit App" */ = {
			isa = XCConfigurationList;
			buildConfigurations = (
				06D8BA881B74106B007462A4 /* Debug */,
				06D8BA891B74106B007462A4 /* Release */,
			);
			defaultConfigurationIsVisible = 0;
			defaultConfigurationName = Release;
		};
		06D8BA8B1B74106B007462A4 /* Build configuration list for PBXNativeTarget "AireNL WatchKit Extension" */ = {
			isa = XCConfigurationList;
			buildConfigurations = (
				06D8BA861B74106B007462A4 /* Debug */,
				06D8BA871B74106B007462A4 /* Release */,
			);
			defaultConfigurationIsVisible = 0;
			defaultConfigurationName = Release;
		};
		06FAE38F1B72B9C200B19700 /* Build configuration list for PBXNativeTarget "AireNL Widget" */ = {
			isa = XCConfigurationList;
			buildConfigurations = (
				06FAE3901B72B9C200B19700 /* Debug */,
				06FAE3911B72B9C200B19700 /* Release */,
			);
			defaultConfigurationIsVisible = 0;
			defaultConfigurationName = Release;
		};
/* End XCConfigurationList section */
	};
	rootObject = 06D3679D1B542615009E9D47 /* Project object */;
}
