// !$*UTF8*$!
{
	archiveVersion = 1;
	classes = {
	};
	objectVersion = 46;
	objects = {

/* Begin PBXBuildFile section */
		06D367AB1B542615009E9D47 /* main.m in Sources */ = {isa = PBXBuildFile; fileRef = 06D367AA1B542615009E9D47 /* main.m */; };
		06D367AE1B542615009E9D47 /* AppDelegate.m in Sources */ = {isa = PBXBuildFile; fileRef = 06D367AD1B542615009E9D47 /* AppDelegate.m */; };
		06D367B11B542615009E9D47 /* ViewController.m in Sources */ = {isa = PBXBuildFile; fileRef = 06D367B01B542615009E9D47 /* ViewController.m */; };
		06D367B41B542615009E9D47 /* Main.storyboard in Resources */ = {isa = PBXBuildFile; fileRef = 06D367B21B542615009E9D47 /* Main.storyboard */; };
		06D367B61B542615009E9D47 /* Images.xcassets in Resources */ = {isa = PBXBuildFile; fileRef = 06D367B51B542615009E9D47 /* Images.xcassets */; };
		06D367B91B542615009E9D47 /* LaunchScreen.xib in Resources */ = {isa = PBXBuildFile; fileRef = 06D367B71B542615009E9D47 /* LaunchScreen.xib */; };
		06D367C51B542615009E9D47 /* AireNLTests.m in Sources */ = {isa = PBXBuildFile; fileRef = 06D367C41B542615009E9D47 /* AireNLTests.m */; };
		06D367D51B54564D009E9D47 /* UIColor+ILColor.m in Sources */ = {isa = PBXBuildFile; fileRef = 06D367D41B54564D009E9D47 /* UIColor+ILColor.m */; };
/* End PBXBuildFile section */

/* Begin PBXContainerItemProxy section */
		06D367BF1B542615009E9D47 /* PBXContainerItemProxy */ = {
			isa = PBXContainerItemProxy;
			containerPortal = 06D3679D1B542615009E9D47 /* Project object */;
			proxyType = 1;
			remoteGlobalIDString = 06D367A41B542615009E9D47;
			remoteInfo = AireNL;
		};
/* End PBXContainerItemProxy section */

/* Begin PBXFileReference section */
		06D367A51B542615009E9D47 /* AireNL.app */ = {isa = PBXFileReference; explicitFileType = wrapper.application; includeInIndex = 0; path = AireNL.app; sourceTree = BUILT_PRODUCTS_DIR; };
		06D367A91B542615009E9D47 /* Info.plist */ = {isa = PBXFileReference; lastKnownFileType = text.plist.xml; path = Info.plist; sourceTree = "<group>"; };
		06D367AA1B542615009E9D47 /* main.m */ = {isa = PBXFileReference; lastKnownFileType = sourcecode.c.objc; path = main.m; sourceTree = "<group>"; };
		06D367AC1B542615009E9D47 /* AppDelegate.h */ = {isa = PBXFileReference; lastKnownFileType = sourcecode.c.h; path = AppDelegate.h; sourceTree = "<group>"; };
		06D367AD1B542615009E9D47 /* AppDelegate.m */ = {isa = PBXFileReference; lastKnownFileType = sourcecode.c.objc; path = AppDelegate.m; sourceTree = "<group>"; };
		06D367AF1B542615009E9D47 /* ViewController.h */ = {isa = PBXFileReference; lastKnownFileType = sourcecode.c.h; path = ViewController.h; sourceTree = "<group>"; };
		06D367B01B542615009E9D47 /* ViewController.m */ = {isa = PBXFileReference; lastKnownFileType = sourcecode.c.objc; path = ViewController.m; sourceTree = "<group>"; };
		06D367B31B542615009E9D47 /* Base */ = {isa = PBXFileReference; lastKnownFileType = file.storyboard; name = Base; path = Base.lproj/Main.storyboard; sourceTree = "<group>"; };
		06D367B51B542615009E9D47 /* Images.xcassets */ = {isa = PBXFileReference; lastKnownFileType = folder.assetcatalog; path = Images.xcassets; sourceTree = "<group>"; };
		06D367B81B542615009E9D47 /* Base */ = {isa = PBXFileReference; lastKnownFileType = file.xib; name = Base; path = Base.lproj/LaunchScreen.xib; sourceTree = "<group>"; };
		06D367BE1B542615009E9D47 /* AireNLTests.xctest */ = {isa = PBXFileReference; explicitFileType = wrapper.cfbundle; includeInIndex = 0; path = AireNLTests.xctest; sourceTree = BUILT_PRODUCTS_DIR; };
		06D367C31B542615009E9D47 /* Info.plist */ = {isa = PBXFileReference; lastKnownFileType = text.plist.xml; path = Info.plist; sourceTree = "<group>"; };
		06D367C41B542615009E9D47 /* AireNLTests.m */ = {isa = PBXFileReference; lastKnownFileType = sourcecode.c.objc; path = AireNLTests.m; sourceTree = "<group>"; };
		06D367D31B54564D009E9D47 /* UIColor+ILColor.h */ = {isa = PBXFileReference; fileEncoding = 4; lastKnownFileType = sourcecode.c.h; path = "UIColor+ILColor.h"; sourceTree = "<group>"; };
		06D367D41B54564D009E9D47 /* UIColor+ILColor.m */ = {isa = PBXFileReference; fileEncoding = 4; lastKnownFileType = sourcecode.c.objc; path = "UIColor+ILColor.m"; sourceTree = "<group>"; };
/* End PBXFileReference section */

/* Begin PBXFrameworksBuildPhase section */
		06D367A21B542615009E9D47 /* Frameworks */ = {
			isa = PBXFrameworksBuildPhase;
			buildActionMask = 2147483647;
			files = (
			);
			runOnlyForDeploymentPostprocessing = 0;
		};
		06D367BB1B542615009E9D47 /* Frameworks */ = {
			isa = PBXFrameworksBuildPhase;
			buildActionMask = 2147483647;
			files = (
			);
			runOnlyForDeploymentPostprocessing = 0;
		};
/* End PBXFrameworksBuildPhase section */

/* Begin PBXGroup section */
		06D3679C1B542615009E9D47 = {
			isa = PBXGroup;
			children = (
				06D367A71B542615009E9D47 /* AireNL */,
				06D367C11B542615009E9D47 /* AireNLTests */,
				06D367A61B542615009E9D47 /* Products */,
			);
			sourceTree = "<group>";
		};
		06D367A61B542615009E9D47 /* Products */ = {
			isa = PBXGroup;
			children = (
				06D367A51B542615009E9D47 /* AireNL.app */,
				06D367BE1B542615009E9D47 /* AireNLTests.xctest */,
			);
			name = Products;
			sourceTree = "<group>";
		};
		06D367A71B542615009E9D47 /* AireNL */ = {
			isa = PBXGroup;
			children = (
				06D367CE1B542631009E9D47 /* Models */,
				06D367CF1B542638009E9D47 /* Views */,
				06D367D01B542642009E9D47 /* Controllers */,
				06D367D11B54264A009E9D47 /* Helpers+Categories */,
				06D367D21B542653009E9D47 /* Assets */,
				06D367AC1B542615009E9D47 /* AppDelegate.h */,
				06D367AD1B542615009E9D47 /* AppDelegate.m */,
				06D367A81B542615009E9D47 /* Supporting Files */,
			);
			path = AireNL;
			sourceTree = "<group>";
		};
		06D367A81B542615009E9D47 /* Supporting Files */ = {
			isa = PBXGroup;
			children = (
				06D367A91B542615009E9D47 /* Info.plist */,
				06D367AA1B542615009E9D47 /* main.m */,
			);
			name = "Supporting Files";
			sourceTree = "<group>";
		};
		06D367C11B542615009E9D47 /* AireNLTests */ = {
			isa = PBXGroup;
			children = (
				06D367C41B542615009E9D47 /* AireNLTests.m */,
				06D367C21B542615009E9D47 /* Supporting Files */,
			);
			path = AireNLTests;
			sourceTree = "<group>";
		};
		06D367C21B542615009E9D47 /* Supporting Files */ = {
			isa = PBXGroup;
			children = (
				06D367C31B542615009E9D47 /* Info.plist */,
			);
			name = "Supporting Files";
			sourceTree = "<group>";
		};
		06D367CE1B542631009E9D47 /* Models */ = {
			isa = PBXGroup;
			children = (
			);
			name = Models;
			sourceTree = "<group>";
		};
		06D367CF1B542638009E9D47 /* Views */ = {
			isa = PBXGroup;
			children = (
				06D367B21B542615009E9D47 /* Main.storyboard */,
				06D367B71B542615009E9D47 /* LaunchScreen.xib */,
			);
			name = Views;
			sourceTree = "<group>";
		};
		06D367D01B542642009E9D47 /* Controllers */ = {
			isa = PBXGroup;
			children = (
				06D367AF1B542615009E9D47 /* ViewController.h */,
				06D367B01B542615009E9D47 /* ViewController.m */,
			);
			name = Controllers;
			sourceTree = "<group>";
		};
		06D367D11B54264A009E9D47 /* Helpers+Categories */ = {
			isa = PBXGroup;
			children = (
				06D367D31B54564D009E9D47 /* UIColor+ILColor.h */,
				06D367D41B54564D009E9D47 /* UIColor+ILColor.m */,
			);
			name = "Helpers+Categories";
			sourceTree = "<group>";
		};
		06D367D21B542653009E9D47 /* Assets */ = {
			isa = PBXGroup;
			children = (
				06D367B51B542615009E9D47 /* Images.xcassets */,
			);
			name = Assets;
			sourceTree = "<group>";
		};
/* End PBXGroup section */

/* Begin PBXNativeTarget section */
		06D367A41B542615009E9D47 /* AireNL */ = {
			isa = PBXNativeTarget;
			buildConfigurationList = 06D367C81B542615009E9D47 /* Build configuration list for PBXNativeTarget "AireNL" */;
			buildPhases = (
				06D367A11B542615009E9D47 /* Sources */,
				06D367A21B542615009E9D47 /* Frameworks */,
				06D367A31B542615009E9D47 /* Resources */,
			);
			buildRules = (
			);
			dependencies = (
			);
			name = AireNL;
			productName = AireNL;
			productReference = 06D367A51B542615009E9D47 /* AireNL.app */;
			productType = "com.apple.product-type.application";
		};
		06D367BD1B542615009E9D47 /* AireNLTests */ = {
			isa = PBXNativeTarget;
			buildConfigurationList = 06D367CB1B542615009E9D47 /* Build configuration list for PBXNativeTarget "AireNLTests" */;
			buildPhases = (
				06D367BA1B542615009E9D47 /* Sources */,
				06D367BB1B542615009E9D47 /* Frameworks */,
				06D367BC1B542615009E9D47 /* Resources */,
			);
			buildRules = (
			);
			dependencies = (
				06D367C01B542615009E9D47 /* PBXTargetDependency */,
			);
			name = AireNLTests;
			productName = AireNLTests;
			productReference = 06D367BE1B542615009E9D47 /* AireNLTests.xctest */;
			productType = "com.apple.product-type.bundle.unit-test";
		};
/* End PBXNativeTarget section */

/* Begin PBXProject section */
		06D3679D1B542615009E9D47 /* Project object */ = {
			isa = PBXProject;
			attributes = {
				LastUpgradeCheck = 0640;
				ORGANIZATIONNAME = "Icalia Labs";
				TargetAttributes = {
					06D367A41B542615009E9D47 = {
						CreatedOnToolsVersion = 6.4;
					};
					06D367BD1B542615009E9D47 = {
						CreatedOnToolsVersion = 6.4;
						TestTargetID = 06D367A41B542615009E9D47;
					};
				};
			};
			buildConfigurationList = 06D367A01B542615009E9D47 /* Build configuration list for PBXProject "AireNL" */;
			compatibilityVersion = "Xcode 3.2";
			developmentRegion = English;
			hasScannedForEncodings = 0;
			knownRegions = (
				en,
				Base,
			);
			mainGroup = 06D3679C1B542615009E9D47;
			productRefGroup = 06D367A61B542615009E9D47 /* Products */;
			projectDirPath = "";
			projectRoot = "";
			targets = (
				06D367A41B542615009E9D47 /* AireNL */,
				06D367BD1B542615009E9D47 /* AireNLTests */,
			);
		};
/* End PBXProject section */

/* Begin PBXResourcesBuildPhase section */
		06D367A31B542615009E9D47 /* Resources */ = {
			isa = PBXResourcesBuildPhase;
			buildActionMask = 2147483647;
			files = (
				06D367B41B542615009E9D47 /* Main.storyboard in Resources */,
				06D367B91B542615009E9D47 /* LaunchScreen.xib in Resources */,
				06D367B61B542615009E9D47 /* Images.xcassets in Resources */,
			);
			runOnlyForDeploymentPostprocessing = 0;
		};
		06D367BC1B542615009E9D47 /* Resources */ = {
			isa = PBXResourcesBuildPhase;
			buildActionMask = 2147483647;
			files = (
			);
			runOnlyForDeploymentPostprocessing = 0;
		};
/* End PBXResourcesBuildPhase section */

/* Begin PBXSourcesBuildPhase section */
		06D367A11B542615009E9D47 /* Sources */ = {
			isa = PBXSourcesBuildPhase;
			buildActionMask = 2147483647;
			files = (
				06D367D51B54564D009E9D47 /* UIColor+ILColor.m in Sources */,
				06D367B11B542615009E9D47 /* ViewController.m in Sources */,
				06D367AE1B542615009E9D47 /* AppDelegate.m in Sources */,
				06D367AB1B542615009E9D47 /* main.m in Sources */,
			);
			runOnlyForDeploymentPostprocessing = 0;
		};
		06D367BA1B542615009E9D47 /* Sources */ = {
			isa = PBXSourcesBuildPhase;
			buildActionMask = 2147483647;
			files = (
				06D367C51B542615009E9D47 /* AireNLTests.m in Sources */,
			);
			runOnlyForDeploymentPostprocessing = 0;
		};
/* End PBXSourcesBuildPhase section */

/* Begin PBXTargetDependency section */
		06D367C01B542615009E9D47 /* PBXTargetDependency */ = {
			isa = PBXTargetDependency;
			target = 06D367A41B542615009E9D47 /* AireNL */;
			targetProxy = 06D367BF1B542615009E9D47 /* PBXContainerItemProxy */;
		};
/* End PBXTargetDependency section */

/* Begin PBXVariantGroup section */
		06D367B21B542615009E9D47 /* Main.storyboard */ = {
			isa = PBXVariantGroup;
			children = (
				06D367B31B542615009E9D47 /* Base */,
			);
			name = Main.storyboard;
			sourceTree = "<group>";
		};
		06D367B71B542615009E9D47 /* LaunchScreen.xib */ = {
			isa = PBXVariantGroup;
			children = (
				06D367B81B542615009E9D47 /* Base */,
			);
			name = LaunchScreen.xib;
			sourceTree = "<group>";
		};
/* End PBXVariantGroup section */

/* Begin XCBuildConfiguration section */
		06D367C61B542615009E9D47 /* Debug */ = {
			isa = XCBuildConfiguration;
			buildSettings = {
				ALWAYS_SEARCH_USER_PATHS = NO;
				CLANG_CXX_LANGUAGE_STANDARD = "gnu++0x";
				CLANG_CXX_LIBRARY = "libc++";
				CLANG_ENABLE_MODULES = YES;
				CLANG_ENABLE_OBJC_ARC = YES;
				CLANG_WARN_BOOL_CONVERSION = YES;
				CLANG_WARN_CONSTANT_CONVERSION = YES;
				CLANG_WARN_DIRECT_OBJC_ISA_USAGE = YES_ERROR;
				CLANG_WARN_EMPTY_BODY = YES;
				CLANG_WARN_ENUM_CONVERSION = YES;
				CLANG_WARN_INT_CONVERSION = YES;
				CLANG_WARN_OBJC_ROOT_CLASS = YES_ERROR;
				CLANG_WARN_UNREACHABLE_CODE = YES;
				CLANG_WARN__DUPLICATE_METHOD_MATCH = YES;
				"CODE_SIGN_IDENTITY[sdk=iphoneos*]" = "iPhone Developer";
				COPY_PHASE_STRIP = NO;
				DEBUG_INFORMATION_FORMAT = "dwarf-with-dsym";
				ENABLE_STRICT_OBJC_MSGSEND = YES;
				GCC_C_LANGUAGE_STANDARD = gnu99;
				GCC_DYNAMIC_NO_PIC = NO;
				GCC_NO_COMMON_BLOCKS = YES;
				GCC_OPTIMIZATION_LEVEL = 0;
				GCC_PREPROCESSOR_DEFINITIONS = (
					"DEBUG=1",
					"$(inherited)",
				);
				GCC_SYMBOLS_PRIVATE_EXTERN = NO;
				GCC_WARN_64_TO_32_BIT_CONVERSION = YES;
				GCC_WARN_ABOUT_RETURN_TYPE = YES_ERROR;
				GCC_WARN_UNDECLARED_SELECTOR = YES;
				GCC_WARN_UNINITIALIZED_AUTOS = YES_AGGRESSIVE;
				GCC_WARN_UNUSED_FUNCTION = YES;
				GCC_WARN_UNUSED_VARIABLE = YES;
				IPHONEOS_DEPLOYMENT_TARGET = 8.4;
				MTL_ENABLE_DEBUG_INFO = YES;
				ONLY_ACTIVE_ARCH = YES;
				SDKROOT = iphoneos;
				TARGETED_DEVICE_FAMILY = "1,2";
			};
			name = Debug;
		};
		06D367C71B542615009E9D47 /* Release */ = {
			isa = XCBuildConfiguration;
			buildSettings = {
				ALWAYS_SEARCH_USER_PATHS = NO;
				CLANG_CXX_LANGUAGE_STANDARD = "gnu++0x";
				CLANG_CXX_LIBRARY = "libc++";
				CLANG_ENABLE_MODULES = YES;
				CLANG_ENABLE_OBJC_ARC = YES;
				CLANG_WARN_BOOL_CONVERSION = YES;
				CLANG_WARN_CONSTANT_CONVERSION = YES;
				CLANG_WARN_DIRECT_OBJC_ISA_USAGE = YES_ERROR;
				CLANG_WARN_EMPTY_BODY = YES;
				CLANG_WARN_ENUM_CONVERSION = YES;
				CLANG_WARN_INT_CONVERSION = YES;
				CLANG_WARN_OBJC_ROOT_CLASS = YES_ERROR;
				CLANG_WARN_UNREACHABLE_CODE = YES;
				CLANG_WARN__DUPLICATE_METHOD_MATCH = YES;
				"CODE_SIGN_IDENTITY[sdk=iphoneos*]" = "iPhone Developer";
				COPY_PHASE_STRIP = NO;
				DEBUG_INFORMATION_FORMAT = "dwarf-with-dsym";
				ENABLE_NS_ASSERTIONS = NO;
				ENABLE_STRICT_OBJC_MSGSEND = YES;
				GCC_C_LANGUAGE_STANDARD = gnu99;
				GCC_NO_COMMON_BLOCKS = YES;
				GCC_WARN_64_TO_32_BIT_CONVERSION = YES;
				GCC_WARN_ABOUT_RETURN_TYPE = YES_ERROR;
				GCC_WARN_UNDECLARED_SELECTOR = YES;
				GCC_WARN_UNINITIALIZED_AUTOS = YES_AGGRESSIVE;
				GCC_WARN_UNUSED_FUNCTION = YES;
				GCC_WARN_UNUSED_VARIABLE = YES;
				IPHONEOS_DEPLOYMENT_TARGET = 8.4;
				MTL_ENABLE_DEBUG_INFO = NO;
				SDKROOT = iphoneos;
				TARGETED_DEVICE_FAMILY = "1,2";
				VALIDATE_PRODUCT = YES;
			};
			name = Release;
		};
		06D367C91B542615009E9D47 /* Debug */ = {
			isa = XCBuildConfiguration;
			buildSettings = {
				ASSETCATALOG_COMPILER_APPICON_NAME = AppIcon;
				INFOPLIST_FILE = AireNL/Info.plist;
				LD_RUNPATH_SEARCH_PATHS = "$(inherited) @executable_path/Frameworks";
				PRODUCT_NAME = "$(TARGET_NAME)";
			};
			name = Debug;
		};
		06D367CA1B542615009E9D47 /* Release */ = {
			isa = XCBuildConfiguration;
			buildSettings = {
				ASSETCATALOG_COMPILER_APPICON_NAME = AppIcon;
				INFOPLIST_FILE = AireNL/Info.plist;
				LD_RUNPATH_SEARCH_PATHS = "$(inherited) @executable_path/Frameworks";
				PRODUCT_NAME = "$(TARGET_NAME)";
			};
			name = Release;
		};
		06D367CC1B542615009E9D47 /* Debug */ = {
			isa = XCBuildConfiguration;
			buildSettings = {
				BUNDLE_LOADER = "$(TEST_HOST)";
				FRAMEWORK_SEARCH_PATHS = (
					"$(SDKROOT)/Developer/Library/Frameworks",
					"$(inherited)",
				);
				GCC_PREPROCESSOR_DEFINITIONS = (
					"DEBUG=1",
					"$(inherited)",
				);
				INFOPLIST_FILE = AireNLTests/Info.plist;
				LD_RUNPATH_SEARCH_PATHS = "$(inherited) @executable_path/Frameworks @loader_path/Frameworks";
				PRODUCT_NAME = "$(TARGET_NAME)";
				TEST_HOST = "$(BUILT_PRODUCTS_DIR)/AireNL.app/AireNL";
			};
			name = Debug;
		};
		06D367CD1B542615009E9D47 /* Release */ = {
			isa = XCBuildConfiguration;
			buildSettings = {
				BUNDLE_LOADER = "$(TEST_HOST)";
				FRAMEWORK_SEARCH_PATHS = (
					"$(SDKROOT)/Developer/Library/Frameworks",
					"$(inherited)",
				);
				INFOPLIST_FILE = AireNLTests/Info.plist;
				LD_RUNPATH_SEARCH_PATHS = "$(inherited) @executable_path/Frameworks @loader_path/Frameworks";
				PRODUCT_NAME = "$(TARGET_NAME)";
				TEST_HOST = "$(BUILT_PRODUCTS_DIR)/AireNL.app/AireNL";
			};
			name = Release;
		};
/* End XCBuildConfiguration section */

/* Begin XCConfigurationList section */
		06D367A01B542615009E9D47 /* Build configuration list for PBXProject "AireNL" */ = {
			isa = XCConfigurationList;
			buildConfigurations = (
				06D367C61B542615009E9D47 /* Debug */,
				06D367C71B542615009E9D47 /* Release */,
			);
			defaultConfigurationIsVisible = 0;
			defaultConfigurationName = Release;
		};
		06D367C81B542615009E9D47 /* Build configuration list for PBXNativeTarget "AireNL" */ = {
			isa = XCConfigurationList;
			buildConfigurations = (
				06D367C91B542615009E9D47 /* Debug */,
				06D367CA1B542615009E9D47 /* Release */,
			);
			defaultConfigurationIsVisible = 0;
		};
		06D367CB1B542615009E9D47 /* Build configuration list for PBXNativeTarget "AireNLTests" */ = {
			isa = XCConfigurationList;
			buildConfigurations = (
				06D367CC1B542615009E9D47 /* Debug */,
				06D367CD1B542615009E9D47 /* Release */,
			);
			defaultConfigurationIsVisible = 0;
		};
/* End XCConfigurationList section */
	};
	rootObject = 06D3679D1B542615009E9D47 /* Project object */;
}
